// !$*UTF8*$!
{
	archiveVersion = 1;
	classes = {
	};
	objectVersion = 46;
	objects = {

/* Begin PBXBuildFile section */
		7529726E1B65E80900BE756D /* AppDelegate.swift in Sources */ = {isa = PBXBuildFile; fileRef = 7529726D1B65E80900BE756D /* AppDelegate.swift */; };
		752972701B65E80900BE756D /* ViewController.swift in Sources */ = {isa = PBXBuildFile; fileRef = 7529726F1B65E80900BE756D /* ViewController.swift */; };
		752972731B65E80900BE756D /* Main.storyboard in Resources */ = {isa = PBXBuildFile; fileRef = 752972711B65E80900BE756D /* Main.storyboard */; };
		752972751B65E80900BE756D /* Images.xcassets in Resources */ = {isa = PBXBuildFile; fileRef = 752972741B65E80900BE756D /* Images.xcassets */; };
		752972781B65E80900BE756D /* LaunchScreen.xib in Resources */ = {isa = PBXBuildFile; fileRef = 752972761B65E80900BE756D /* LaunchScreen.xib */; };
		752972841B65E80A00BE756D /* GrapeShotTests.swift in Sources */ = {isa = PBXBuildFile; fileRef = 752972831B65E80A00BE756D /* GrapeShotTests.swift */; };
/* End PBXBuildFile section */

/* Begin PBXContainerItemProxy section */
		7529727E1B65E80A00BE756D /* PBXContainerItemProxy */ = {
			isa = PBXContainerItemProxy;
			containerPortal = 752972601B65E80900BE756D /* Project object */;
			proxyType = 1;
			remoteGlobalIDString = 752972671B65E80900BE756D;
			remoteInfo = GrapeShot;
		};
/* End PBXContainerItemProxy section */

/* Begin PBXFileReference section */
		752972681B65E80900BE756D /* GrapeShot.app */ = {isa = PBXFileReference; explicitFileType = wrapper.application; includeInIndex = 0; path = GrapeShot.app; sourceTree = BUILT_PRODUCTS_DIR; };
		7529726C1B65E80900BE756D /* Info.plist */ = {isa = PBXFileReference; lastKnownFileType = text.plist.xml; path = Info.plist; sourceTree = "<group>"; };
		7529726D1B65E80900BE756D /* AppDelegate.swift */ = {isa = PBXFileReference; lastKnownFileType = sourcecode.swift; path = AppDelegate.swift; sourceTree = "<group>"; };
		7529726F1B65E80900BE756D /* ViewController.swift */ = {isa = PBXFileReference; lastKnownFileType = sourcecode.swift; path = ViewController.swift; sourceTree = "<group>"; };
		752972721B65E80900BE756D /* Base */ = {isa = PBXFileReference; lastKnownFileType = file.storyboard; name = Base; path = Base.lproj/Main.storyboard; sourceTree = "<group>"; };
		752972741B65E80900BE756D /* Images.xcassets */ = {isa = PBXFileReference; lastKnownFileType = folder.assetcatalog; path = Images.xcassets; sourceTree = "<group>"; };
		752972771B65E80900BE756D /* Base */ = {isa = PBXFileReference; lastKnownFileType = file.xib; name = Base; path = Base.lproj/LaunchScreen.xib; sourceTree = "<group>"; };
		7529727D1B65E80A00BE756D /* GrapeShotTests.xctest */ = {isa = PBXFileReference; explicitFileType = wrapper.cfbundle; includeInIndex = 0; path = GrapeShotTests.xctest; sourceTree = BUILT_PRODUCTS_DIR; };
		752972821B65E80A00BE756D /* Info.plist */ = {isa = PBXFileReference; lastKnownFileType = text.plist.xml; path = Info.plist; sourceTree = "<group>"; };
		752972831B65E80A00BE756D /* GrapeShotTests.swift */ = {isa = PBXFileReference; lastKnownFileType = sourcecode.swift; path = GrapeShotTests.swift; sourceTree = "<group>"; };
/* End PBXFileReference section */

/* Begin PBXFrameworksBuildPhase section */
		752972651B65E80900BE756D /* Frameworks */ = {
			isa = PBXFrameworksBuildPhase;
			buildActionMask = 2147483647;
			files = (
			);
			runOnlyForDeploymentPostprocessing = 0;
		};
		7529727A1B65E80A00BE756D /* Frameworks */ = {
			isa = PBXFrameworksBuildPhase;
			buildActionMask = 2147483647;
			files = (
			);
			runOnlyForDeploymentPostprocessing = 0;
		};
/* End PBXFrameworksBuildPhase section */

/* Begin PBXGroup section */
		7529725F1B65E80900BE756D = {
			isa = PBXGroup;
			children = (
				7529726A1B65E80900BE756D /* GrapeShot */,
				752972801B65E80A00BE756D /* GrapeShotTests */,
				752972691B65E80900BE756D /* Products */,
			);
			sourceTree = "<group>";
		};
		752972691B65E80900BE756D /* Products */ = {
			isa = PBXGroup;
			children = (
				752972681B65E80900BE756D /* GrapeShot.app */,
				7529727D1B65E80A00BE756D /* GrapeShotTests.xctest */,
			);
			name = Products;
			sourceTree = "<group>";
		};
		7529726A1B65E80900BE756D /* GrapeShot */ = {
			isa = PBXGroup;
			children = (
				7529726D1B65E80900BE756D /* AppDelegate.swift */,
				7529726F1B65E80900BE756D /* ViewController.swift */,
				752972711B65E80900BE756D /* Main.storyboard */,
				752972741B65E80900BE756D /* Images.xcassets */,
				752972761B65E80900BE756D /* LaunchScreen.xib */,
				7529726B1B65E80900BE756D /* Supporting Files */,
			);
			path = GrapeShot;
			sourceTree = "<group>";
		};
		7529726B1B65E80900BE756D /* Supporting Files */ = {
			isa = PBXGroup;
			children = (
				7529726C1B65E80900BE756D /* Info.plist */,
			);
			name = "Supporting Files";
			sourceTree = "<group>";
		};
		752972801B65E80A00BE756D /* GrapeShotTests */ = {
			isa = PBXGroup;
			children = (
				752972831B65E80A00BE756D /* GrapeShotTests.swift */,
				752972811B65E80A00BE756D /* Supporting Files */,
			);
			path = GrapeShotTests;
			sourceTree = "<group>";
		};
		752972811B65E80A00BE756D /* Supporting Files */ = {
			isa = PBXGroup;
			children = (
				752972821B65E80A00BE756D /* Info.plist */,
			);
			name = "Supporting Files";
			sourceTree = "<group>";
		};
/* End PBXGroup section */

/* Begin PBXNativeTarget section */
		752972671B65E80900BE756D /* GrapeShot */ = {
			isa = PBXNativeTarget;
			buildConfigurationList = 752972871B65E80A00BE756D /* Build configuration list for PBXNativeTarget "GrapeShot" */;
			buildPhases = (
				752972641B65E80900BE756D /* Sources */,
				752972651B65E80900BE756D /* Frameworks */,
				752972661B65E80900BE756D /* Resources */,
			);
			buildRules = (
			);
			dependencies = (
			);
			name = GrapeShot;
			productName = GrapeShot;
			productReference = 752972681B65E80900BE756D /* GrapeShot.app */;
			productType = "com.apple.product-type.application";
		};
		7529727C1B65E80A00BE756D /* GrapeShotTests */ = {
			isa = PBXNativeTarget;
			buildConfigurationList = 7529728A1B65E80A00BE756D /* Build configuration list for PBXNativeTarget "GrapeShotTests" */;
			buildPhases = (
				752972791B65E80A00BE756D /* Sources */,
				7529727A1B65E80A00BE756D /* Frameworks */,
				7529727B1B65E80A00BE756D /* Resources */,
			);
			buildRules = (
			);
			dependencies = (
				7529727F1B65E80A00BE756D /* PBXTargetDependency */,
			);
			name = GrapeShotTests;
			productName = GrapeShotTests;
			productReference = 7529727D1B65E80A00BE756D /* GrapeShotTests.xctest */;
			productType = "com.apple.product-type.bundle.unit-test";
		};
/* End PBXNativeTarget section */

/* Begin PBXProject section */
		752972601B65E80900BE756D /* Project object */ = {
			isa = PBXProject;
			attributes = {
				LastUpgradeCheck = 0640;
				ORGANIZATIONNAME = "Aaron Voisine";
				TargetAttributes = {
					752972671B65E80900BE756D = {
						CreatedOnToolsVersion = 6.4;
					};
					7529727C1B65E80A00BE756D = {
						CreatedOnToolsVersion = 6.4;
						TestTargetID = 752972671B65E80900BE756D;
					};
				};
			};
			buildConfigurationList = 752972631B65E80900BE756D /* Build configuration list for PBXProject "GrapeShot" */;
			compatibilityVersion = "Xcode 3.2";
			developmentRegion = English;
			hasScannedForEncodings = 0;
			knownRegions = (
				en,
				Base,
			);
			mainGroup = 7529725F1B65E80900BE756D;
			productRefGroup = 752972691B65E80900BE756D /* Products */;
			projectDirPath = "";
			projectRoot = "";
			targets = (
				752972671B65E80900BE756D /* GrapeShot */,
				7529727C1B65E80A00BE756D /* GrapeShotTests */,
			);
		};
/* End PBXProject section */

/* Begin PBXResourcesBuildPhase section */
		752972661B65E80900BE756D /* Resources */ = {
			isa = PBXResourcesBuildPhase;
			buildActionMask = 2147483647;
			files = (
				752972731B65E80900BE756D /* Main.storyboard in Resources */,
				752972781B65E80900BE756D /* LaunchScreen.xib in Resources */,
				752972751B65E80900BE756D /* Images.xcassets in Resources */,
			);
			runOnlyForDeploymentPostprocessing = 0;
		};
		7529727B1B65E80A00BE756D /* Resources */ = {
			isa = PBXResourcesBuildPhase;
			buildActionMask = 2147483647;
			files = (
			);
			runOnlyForDeploymentPostprocessing = 0;
		};
/* End PBXResourcesBuildPhase section */

/* Begin PBXSourcesBuildPhase section */
		752972641B65E80900BE756D /* Sources */ = {
			isa = PBXSourcesBuildPhase;
			buildActionMask = 2147483647;
			files = (
				752972701B65E80900BE756D /* ViewController.swift in Sources */,
				7529726E1B65E80900BE756D /* AppDelegate.swift in Sources */,
			);
			runOnlyForDeploymentPostprocessing = 0;
		};
		752972791B65E80A00BE756D /* Sources */ = {
			isa = PBXSourcesBuildPhase;
			buildActionMask = 2147483647;
			files = (
				752972841B65E80A00BE756D /* GrapeShotTests.swift in Sources */,
			);
			runOnlyForDeploymentPostprocessing = 0;
		};
/* End PBXSourcesBuildPhase section */

/* Begin PBXTargetDependency section */
		7529727F1B65E80A00BE756D /* PBXTargetDependency */ = {
			isa = PBXTargetDependency;
			target = 752972671B65E80900BE756D /* GrapeShot */;
			targetProxy = 7529727E1B65E80A00BE756D /* PBXContainerItemProxy */;
		};
/* End PBXTargetDependency section */

/* Begin PBXVariantGroup section */
		752972711B65E80900BE756D /* Main.storyboard */ = {
			isa = PBXVariantGroup;
			children = (
				752972721B65E80900BE756D /* Base */,
			);
			name = Main.storyboard;
			sourceTree = "<group>";
		};
		752972761B65E80900BE756D /* LaunchScreen.xib */ = {
			isa = PBXVariantGroup;
			children = (
				752972771B65E80900BE756D /* Base */,
			);
			name = LaunchScreen.xib;
			sourceTree = "<group>";
		};
/* End PBXVariantGroup section */

/* Begin XCBuildConfiguration section */
		752972851B65E80A00BE756D /* Debug */ = {
			isa = XCBuildConfiguration;
			buildSettings = {
				ALWAYS_SEARCH_USER_PATHS = NO;
				CLANG_CXX_LANGUAGE_STANDARD = "gnu++0x";
				CLANG_CXX_LIBRARY = "libc++";
				CLANG_ENABLE_MODULES = YES;
				CLANG_ENABLE_OBJC_ARC = YES;
				CLANG_WARN_BOOL_CONVERSION = YES;
				CLANG_WARN_CONSTANT_CONVERSION = YES;
				CLANG_WARN_DIRECT_OBJC_ISA_USAGE = YES_ERROR;
				CLANG_WARN_EMPTY_BODY = YES;
				CLANG_WARN_ENUM_CONVERSION = YES;
				CLANG_WARN_INT_CONVERSION = YES;
				CLANG_WARN_OBJC_ROOT_CLASS = YES_ERROR;
				CLANG_WARN_UNREACHABLE_CODE = YES;
				CLANG_WARN__DUPLICATE_METHOD_MATCH = YES;
				"CODE_SIGN_IDENTITY[sdk=iphoneos*]" = "iPhone Developer";
				COPY_PHASE_STRIP = NO;
				DEBUG_INFORMATION_FORMAT = "dwarf-with-dsym";
				ENABLE_STRICT_OBJC_MSGSEND = YES;
				GCC_C_LANGUAGE_STANDARD = gnu99;
				GCC_DYNAMIC_NO_PIC = NO;
				GCC_NO_COMMON_BLOCKS = YES;
				GCC_OPTIMIZATION_LEVEL = 0;
				GCC_PREPROCESSOR_DEFINITIONS = (
					"DEBUG=1",
					"$(inherited)",
				);
				GCC_SYMBOLS_PRIVATE_EXTERN = NO;
				GCC_WARN_64_TO_32_BIT_CONVERSION = YES;
				GCC_WARN_ABOUT_RETURN_TYPE = YES_ERROR;
				GCC_WARN_UNDECLARED_SELECTOR = YES;
				GCC_WARN_UNINITIALIZED_AUTOS = YES_AGGRESSIVE;
				GCC_WARN_UNUSED_FUNCTION = YES;
				GCC_WARN_UNUSED_VARIABLE = YES;
				IPHONEOS_DEPLOYMENT_TARGET = 8.4;
				MTL_ENABLE_DEBUG_INFO = YES;
				ONLY_ACTIVE_ARCH = YES;
				SDKROOT = iphoneos;
				SWIFT_OPTIMIZATION_LEVEL = "-Onone";
			};
			name = Debug;
		};
		752972861B65E80A00BE756D /* Release */ = {
			isa = XCBuildConfiguration;
			buildSettings = {
				ALWAYS_SEARCH_USER_PATHS = NO;
				CLANG_CXX_LANGUAGE_STANDARD = "gnu++0x";
				CLANG_CXX_LIBRARY = "libc++";
				CLANG_ENABLE_MODULES = YES;
				CLANG_ENABLE_OBJC_ARC = YES;
				CLANG_WARN_BOOL_CONVERSION = YES;
				CLANG_WARN_CONSTANT_CONVERSION = YES;
				CLANG_WARN_DIRECT_OBJC_ISA_USAGE = YES_ERROR;
				CLANG_WARN_EMPTY_BODY = YES;
				CLANG_WARN_ENUM_CONVERSION = YES;
				CLANG_WARN_INT_CONVERSION = YES;
				CLANG_WARN_OBJC_ROOT_CLASS = YES_ERROR;
				CLANG_WARN_UNREACHABLE_CODE = YES;
				CLANG_WARN__DUPLICATE_METHOD_MATCH = YES;
				"CODE_SIGN_IDENTITY[sdk=iphoneos*]" = "iPhone Developer";
				COPY_PHASE_STRIP = NO;
				DEBUG_INFORMATION_FORMAT = "dwarf-with-dsym";
				ENABLE_NS_ASSERTIONS = NO;
				ENABLE_STRICT_OBJC_MSGSEND = YES;
				GCC_C_LANGUAGE_STANDARD = gnu99;
				GCC_NO_COMMON_BLOCKS = YES;
				GCC_WARN_64_TO_32_BIT_CONVERSION = YES;
				GCC_WARN_ABOUT_RETURN_TYPE = YES_ERROR;
				GCC_WARN_UNDECLARED_SELECTOR = YES;
				GCC_WARN_UNINITIALIZED_AUTOS = YES_AGGRESSIVE;
				GCC_WARN_UNUSED_FUNCTION = YES;
				GCC_WARN_UNUSED_VARIABLE = YES;
				IPHONEOS_DEPLOYMENT_TARGET = 8.4;
				MTL_ENABLE_DEBUG_INFO = NO;
				SDKROOT = iphoneos;
				VALIDATE_PRODUCT = YES;
			};
			name = Release;
		};
		752972881B65E80A00BE756D /* Debug */ = {
			isa = XCBuildConfiguration;
			buildSettings = {
				ASSETCATALOG_COMPILER_APPICON_NAME = AppIcon;
				INFOPLIST_FILE = GrapeShot/Info.plist;
				LD_RUNPATH_SEARCH_PATHS = "$(inherited) @executable_path/Frameworks";
				PRODUCT_NAME = "$(TARGET_NAME)";
			};
			name = Debug;
		};
		752972891B65E80A00BE756D /* Release */ = {
			isa = XCBuildConfiguration;
			buildSettings = {
				ASSETCATALOG_COMPILER_APPICON_NAME = AppIcon;
				INFOPLIST_FILE = GrapeShot/Info.plist;
				LD_RUNPATH_SEARCH_PATHS = "$(inherited) @executable_path/Frameworks";
				PRODUCT_NAME = "$(TARGET_NAME)";
			};
			name = Release;
		};
		7529728B1B65E80A00BE756D /* Debug */ = {
			isa = XCBuildConfiguration;
			buildSettings = {
				BUNDLE_LOADER = "$(TEST_HOST)";
				FRAMEWORK_SEARCH_PATHS = (
					"$(SDKROOT)/Developer/Library/Frameworks",
					"$(inherited)",
				);
				GCC_PREPROCESSOR_DEFINITIONS = (
					"DEBUG=1",
					"$(inherited)",
				);
				INFOPLIST_FILE = GrapeShotTests/Info.plist;
				LD_RUNPATH_SEARCH_PATHS = "$(inherited) @executable_path/Frameworks @loader_path/Frameworks";
				PRODUCT_NAME = "$(TARGET_NAME)";
				TEST_HOST = "$(BUILT_PRODUCTS_DIR)/GrapeShot.app/GrapeShot";
			};
			name = Debug;
		};
		7529728C1B65E80A00BE756D /* Release */ = {
			isa = XCBuildConfiguration;
			buildSettings = {
				BUNDLE_LOADER = "$(TEST_HOST)";
				FRAMEWORK_SEARCH_PATHS = (
					"$(SDKROOT)/Developer/Library/Frameworks",
					"$(inherited)",
				);
				INFOPLIST_FILE = GrapeShotTests/Info.plist;
				LD_RUNPATH_SEARCH_PATHS = "$(inherited) @executable_path/Frameworks @loader_path/Frameworks";
				PRODUCT_NAME = "$(TARGET_NAME)";
				TEST_HOST = "$(BUILT_PRODUCTS_DIR)/GrapeShot.app/GrapeShot";
			};
			name = Release;
		};
/* End XCBuildConfiguration section */

/* Begin XCConfigurationList section */
		752972631B65E80900BE756D /* Build configuration list for PBXProject "GrapeShot" */ = {
			isa = XCConfigurationList;
			buildConfigurations = (
				752972851B65E80A00BE756D /* Debug */,
				752972861B65E80A00BE756D /* Release */,
			);
			defaultConfigurationIsVisible = 0;
			defaultConfigurationName = Release;
		};
		752972871B65E80A00BE756D /* Build configuration list for PBXNativeTarget "GrapeShot" */ = {
			isa = XCConfigurationList;
			buildConfigurations = (
				752972881B65E80A00BE756D /* Debug */,
				752972891B65E80A00BE756D /* Release */,
			);
			defaultConfigurationIsVisible = 0;
		};
		7529728A1B65E80A00BE756D /* Build configuration list for PBXNativeTarget "GrapeShotTests" */ = {
			isa = XCConfigurationList;
			buildConfigurations = (
				7529728B1B65E80A00BE756D /* Debug */,
				7529728C1B65E80A00BE756D /* Release */,
			);
			defaultConfigurationIsVisible = 0;
		};
/* End XCConfigurationList section */
	};
	rootObject = 752972601B65E80900BE756D /* Project object */;
}
