// !$*UTF8*$!
{
	archiveVersion = 1;
	classes = {
	};
	objectVersion = 47;
	objects = {

/* Begin PBXBuildFile section */
		7529726E1B65E80900BE756D /* AppDelegate.swift in Sources */ = {isa = PBXBuildFile; fileRef = 7529726D1B65E80900BE756D /* AppDelegate.swift */; };
		752972701B65E80900BE756D /* ViewController.swift in Sources */ = {isa = PBXBuildFile; fileRef = 7529726F1B65E80900BE756D /* ViewController.swift */; };
		752972731B65E80900BE756D /* Main.storyboard in Resources */ = {isa = PBXBuildFile; fileRef = 752972711B65E80900BE756D /* Main.storyboard */; };
		752972751B65E80900BE756D /* Images.xcassets in Resources */ = {isa = PBXBuildFile; fileRef = 752972741B65E80900BE756D /* Images.xcassets */; };
		752972781B65E80900BE756D /* LaunchScreen.xib in Resources */ = {isa = PBXBuildFile; fileRef = 752972761B65E80900BE756D /* LaunchScreen.xib */; };
		752972841B65E80A00BE756D /* GrapeShotTests.swift in Sources */ = {isa = PBXBuildFile; fileRef = 752972831B65E80A00BE756D /* GrapeShotTests.swift */; };
		75B84D6B1B67156900248832 /* da-DK-iPhone5-0-portrait.png in Resources */ = {isa = PBXBuildFile; fileRef = 75B84D111B67156900248832 /* da-DK-iPhone5-0-portrait.png */; };
		75B84D6C1B67156900248832 /* da-DK-iPhone5-1-portrait.png in Resources */ = {isa = PBXBuildFile; fileRef = 75B84D121B67156900248832 /* da-DK-iPhone5-1-portrait.png */; };
		75B84D6D1B67156900248832 /* da-DK-iPhone5-2-portrait.png in Resources */ = {isa = PBXBuildFile; fileRef = 75B84D131B67156900248832 /* da-DK-iPhone5-2-portrait.png */; };
		75B84D6E1B67156900248832 /* da-DK-iPhone5-3-portrait.png in Resources */ = {isa = PBXBuildFile; fileRef = 75B84D141B67156900248832 /* da-DK-iPhone5-3-portrait.png */; };
		75B84D6F1B67156900248832 /* da-DK-iPhone5-4-portrait.png in Resources */ = {isa = PBXBuildFile; fileRef = 75B84D151B67156900248832 /* da-DK-iPhone5-4-portrait.png */; };
		75B84D701B67156900248832 /* de-DE-iPhone5-0-portrait.png in Resources */ = {isa = PBXBuildFile; fileRef = 75B84D161B67156900248832 /* de-DE-iPhone5-0-portrait.png */; };
		75B84D711B67156900248832 /* de-DE-iPhone5-1-portrait.png in Resources */ = {isa = PBXBuildFile; fileRef = 75B84D171B67156900248832 /* de-DE-iPhone5-1-portrait.png */; };
		75B84D721B67156900248832 /* de-DE-iPhone5-2-portrait.png in Resources */ = {isa = PBXBuildFile; fileRef = 75B84D181B67156900248832 /* de-DE-iPhone5-2-portrait.png */; };
		75B84D731B67156900248832 /* de-DE-iPhone5-3-portrait.png in Resources */ = {isa = PBXBuildFile; fileRef = 75B84D191B67156900248832 /* de-DE-iPhone5-3-portrait.png */; };
		75B84D741B67156900248832 /* de-DE-iPhone5-4-portrait.png in Resources */ = {isa = PBXBuildFile; fileRef = 75B84D1A1B67156900248832 /* de-DE-iPhone5-4-portrait.png */; };
		75B84D751B67156900248832 /* el-GR-iPhone5-0-portrait.png in Resources */ = {isa = PBXBuildFile; fileRef = 75B84D1B1B67156900248832 /* el-GR-iPhone5-0-portrait.png */; };
		75B84D761B67156900248832 /* el-GR-iPhone5-1-portrait.png in Resources */ = {isa = PBXBuildFile; fileRef = 75B84D1C1B67156900248832 /* el-GR-iPhone5-1-portrait.png */; };
		75B84D771B67156900248832 /* el-GR-iPhone5-2-portrait.png in Resources */ = {isa = PBXBuildFile; fileRef = 75B84D1D1B67156900248832 /* el-GR-iPhone5-2-portrait.png */; };
		75B84D781B67156900248832 /* el-GR-iPhone5-3-portrait.png in Resources */ = {isa = PBXBuildFile; fileRef = 75B84D1E1B67156900248832 /* el-GR-iPhone5-3-portrait.png */; };
		75B84D791B67156900248832 /* el-GR-iPhone5-4-portrait.png in Resources */ = {isa = PBXBuildFile; fileRef = 75B84D1F1B67156900248832 /* el-GR-iPhone5-4-portrait.png */; };
		75B84D7A1B67156900248832 /* en-US-iPhone5-0-portrait.png in Resources */ = {isa = PBXBuildFile; fileRef = 75B84D201B67156900248832 /* en-US-iPhone5-0-portrait.png */; };
		75B84D7B1B67156900248832 /* en-US-iPhone5-1-portrait.png in Resources */ = {isa = PBXBuildFile; fileRef = 75B84D211B67156900248832 /* en-US-iPhone5-1-portrait.png */; };
		75B84D7C1B67156900248832 /* en-US-iPhone5-2-portrait.png in Resources */ = {isa = PBXBuildFile; fileRef = 75B84D221B67156900248832 /* en-US-iPhone5-2-portrait.png */; };
		75B84D7D1B67156900248832 /* en-US-iPhone5-3-portrait.png in Resources */ = {isa = PBXBuildFile; fileRef = 75B84D231B67156900248832 /* en-US-iPhone5-3-portrait.png */; };
		75B84D7E1B67156900248832 /* en-US-iPhone5-4-portrait.png in Resources */ = {isa = PBXBuildFile; fileRef = 75B84D241B67156900248832 /* en-US-iPhone5-4-portrait.png */; };
		75B84D7F1B67156900248832 /* es-ES-iPhone5-0-portrait.png in Resources */ = {isa = PBXBuildFile; fileRef = 75B84D251B67156900248832 /* es-ES-iPhone5-0-portrait.png */; };
		75B84D801B67156900248832 /* es-ES-iPhone5-1-portrait.png in Resources */ = {isa = PBXBuildFile; fileRef = 75B84D261B67156900248832 /* es-ES-iPhone5-1-portrait.png */; };
		75B84D811B67156900248832 /* es-ES-iPhone5-2-portrait.png in Resources */ = {isa = PBXBuildFile; fileRef = 75B84D271B67156900248832 /* es-ES-iPhone5-2-portrait.png */; };
		75B84D821B67156900248832 /* es-ES-iPhone5-3-portrait.png in Resources */ = {isa = PBXBuildFile; fileRef = 75B84D281B67156900248832 /* es-ES-iPhone5-3-portrait.png */; };
		75B84D831B67156900248832 /* es-ES-iPhone5-4-portrait.png in Resources */ = {isa = PBXBuildFile; fileRef = 75B84D291B67156900248832 /* es-ES-iPhone5-4-portrait.png */; };
		75B84D841B67156900248832 /* fr-FR-iPhone5-0-portrait.png in Resources */ = {isa = PBXBuildFile; fileRef = 75B84D2A1B67156900248832 /* fr-FR-iPhone5-0-portrait.png */; };
		75B84D851B67156900248832 /* fr-FR-iPhone5-1-portrait.png in Resources */ = {isa = PBXBuildFile; fileRef = 75B84D2B1B67156900248832 /* fr-FR-iPhone5-1-portrait.png */; };
		75B84D861B67156900248832 /* fr-FR-iPhone5-2-portrait.png in Resources */ = {isa = PBXBuildFile; fileRef = 75B84D2C1B67156900248832 /* fr-FR-iPhone5-2-portrait.png */; };
		75B84D871B67156900248832 /* fr-FR-iPhone5-3-portrait.png in Resources */ = {isa = PBXBuildFile; fileRef = 75B84D2D1B67156900248832 /* fr-FR-iPhone5-3-portrait.png */; };
		75B84D881B67156900248832 /* fr-FR-iPhone5-4-portrait.png in Resources */ = {isa = PBXBuildFile; fileRef = 75B84D2E1B67156900248832 /* fr-FR-iPhone5-4-portrait.png */; };
		75B84D891B67156900248832 /* hu-HU-iPhone5-0-portrait.png in Resources */ = {isa = PBXBuildFile; fileRef = 75B84D2F1B67156900248832 /* hu-HU-iPhone5-0-portrait.png */; };
		75B84D8A1B67156900248832 /* hu-HU-iPhone5-1-portrait.png in Resources */ = {isa = PBXBuildFile; fileRef = 75B84D301B67156900248832 /* hu-HU-iPhone5-1-portrait.png */; };
		75B84D8B1B67156900248832 /* hu-HU-iPhone5-2-portrait.png in Resources */ = {isa = PBXBuildFile; fileRef = 75B84D311B67156900248832 /* hu-HU-iPhone5-2-portrait.png */; };
		75B84D8C1B67156900248832 /* hu-HU-iPhone5-3-portrait.png in Resources */ = {isa = PBXBuildFile; fileRef = 75B84D321B67156900248832 /* hu-HU-iPhone5-3-portrait.png */; };
		75B84D8D1B67156900248832 /* hu-HU-iPhone5-4-portrait.png in Resources */ = {isa = PBXBuildFile; fileRef = 75B84D331B67156900248832 /* hu-HU-iPhone5-4-portrait.png */; };
		75B84D8E1B67156900248832 /* it-IT-iPhone5-0-portrait.png in Resources */ = {isa = PBXBuildFile; fileRef = 75B84D341B67156900248832 /* it-IT-iPhone5-0-portrait.png */; };
		75B84D8F1B67156900248832 /* it-IT-iPhone5-1-portrait.png in Resources */ = {isa = PBXBuildFile; fileRef = 75B84D351B67156900248832 /* it-IT-iPhone5-1-portrait.png */; };
		75B84D901B67156900248832 /* it-IT-iPhone5-2-portrait.png in Resources */ = {isa = PBXBuildFile; fileRef = 75B84D361B67156900248832 /* it-IT-iPhone5-2-portrait.png */; };
		75B84D911B67156900248832 /* it-IT-iPhone5-3-portrait.png in Resources */ = {isa = PBXBuildFile; fileRef = 75B84D371B67156900248832 /* it-IT-iPhone5-3-portrait.png */; };
		75B84D921B67156900248832 /* it-IT-iPhone5-4-portrait.png in Resources */ = {isa = PBXBuildFile; fileRef = 75B84D381B67156900248832 /* it-IT-iPhone5-4-portrait.png */; };
		75B84D931B67156900248832 /* ja-JP-iPhone5-0-portrait.png in Resources */ = {isa = PBXBuildFile; fileRef = 75B84D391B67156900248832 /* ja-JP-iPhone5-0-portrait.png */; };
		75B84D941B67156900248832 /* ja-JP-iPhone5-1-portrait.png in Resources */ = {isa = PBXBuildFile; fileRef = 75B84D3A1B67156900248832 /* ja-JP-iPhone5-1-portrait.png */; };
		75B84D951B67156900248832 /* ja-JP-iPhone5-2-portrait.png in Resources */ = {isa = PBXBuildFile; fileRef = 75B84D3B1B67156900248832 /* ja-JP-iPhone5-2-portrait.png */; };
		75B84D961B67156900248832 /* ja-JP-iPhone5-3-portrait.png in Resources */ = {isa = PBXBuildFile; fileRef = 75B84D3C1B67156900248832 /* ja-JP-iPhone5-3-portrait.png */; };
		75B84D971B67156900248832 /* ja-JP-iPhone5-4-portrait.png in Resources */ = {isa = PBXBuildFile; fileRef = 75B84D3D1B67156900248832 /* ja-JP-iPhone5-4-portrait.png */; };
		75B84D981B67156900248832 /* ko-KR-iPhone5-0-portrait.png in Resources */ = {isa = PBXBuildFile; fileRef = 75B84D3E1B67156900248832 /* ko-KR-iPhone5-0-portrait.png */; };
		75B84D991B67156900248832 /* ko-KR-iPhone5-1-portrait.png in Resources */ = {isa = PBXBuildFile; fileRef = 75B84D3F1B67156900248832 /* ko-KR-iPhone5-1-portrait.png */; };
		75B84D9A1B67156900248832 /* ko-KR-iPhone5-2-portrait.png in Resources */ = {isa = PBXBuildFile; fileRef = 75B84D401B67156900248832 /* ko-KR-iPhone5-2-portrait.png */; };
		75B84D9B1B67156900248832 /* ko-KR-iPhone5-3-portrait.png in Resources */ = {isa = PBXBuildFile; fileRef = 75B84D411B67156900248832 /* ko-KR-iPhone5-3-portrait.png */; };
		75B84D9C1B67156900248832 /* ko-KR-iPhone5-4-portrait.png in Resources */ = {isa = PBXBuildFile; fileRef = 75B84D421B67156900248832 /* ko-KR-iPhone5-4-portrait.png */; };
		75B84D9D1B67156900248832 /* nb-NO-iPhone5-0-portrait.png in Resources */ = {isa = PBXBuildFile; fileRef = 75B84D431B67156900248832 /* nb-NO-iPhone5-0-portrait.png */; };
		75B84D9E1B67156900248832 /* nb-NO-iPhone5-1-portrait.png in Resources */ = {isa = PBXBuildFile; fileRef = 75B84D441B67156900248832 /* nb-NO-iPhone5-1-portrait.png */; };
		75B84D9F1B67156900248832 /* nb-NO-iPhone5-2-portrait.png in Resources */ = {isa = PBXBuildFile; fileRef = 75B84D451B67156900248832 /* nb-NO-iPhone5-2-portrait.png */; };
		75B84DA01B67156900248832 /* nb-NO-iPhone5-3-portrait.png in Resources */ = {isa = PBXBuildFile; fileRef = 75B84D461B67156900248832 /* nb-NO-iPhone5-3-portrait.png */; };
		75B84DA11B67156900248832 /* nb-NO-iPhone5-4-portrait.png in Resources */ = {isa = PBXBuildFile; fileRef = 75B84D471B67156900248832 /* nb-NO-iPhone5-4-portrait.png */; };
		75B84DA21B67156900248832 /* nl-NL-iPhone5-0-portrait.png in Resources */ = {isa = PBXBuildFile; fileRef = 75B84D481B67156900248832 /* nl-NL-iPhone5-0-portrait.png */; };
		75B84DA31B67156900248832 /* nl-NL-iPhone5-1-portrait.png in Resources */ = {isa = PBXBuildFile; fileRef = 75B84D491B67156900248832 /* nl-NL-iPhone5-1-portrait.png */; };
		75B84DA41B67156900248832 /* nl-NL-iPhone5-2-portrait.png in Resources */ = {isa = PBXBuildFile; fileRef = 75B84D4A1B67156900248832 /* nl-NL-iPhone5-2-portrait.png */; };
		75B84DA51B67156900248832 /* nl-NL-iPhone5-3-portrait.png in Resources */ = {isa = PBXBuildFile; fileRef = 75B84D4B1B67156900248832 /* nl-NL-iPhone5-3-portrait.png */; };
		75B84DA61B67156900248832 /* nl-NL-iPhone5-4-portrait.png in Resources */ = {isa = PBXBuildFile; fileRef = 75B84D4C1B67156900248832 /* nl-NL-iPhone5-4-portrait.png */; };
		75B84DA71B67156900248832 /* pl-PL-iPhone5-0-portrait.png in Resources */ = {isa = PBXBuildFile; fileRef = 75B84D4D1B67156900248832 /* pl-PL-iPhone5-0-portrait.png */; };
		75B84DA81B67156900248832 /* pl-PL-iPhone5-1-portrait.png in Resources */ = {isa = PBXBuildFile; fileRef = 75B84D4E1B67156900248832 /* pl-PL-iPhone5-1-portrait.png */; };
		75B84DA91B67156900248832 /* pl-PL-iPhone5-2-portrait.png in Resources */ = {isa = PBXBuildFile; fileRef = 75B84D4F1B67156900248832 /* pl-PL-iPhone5-2-portrait.png */; };
		75B84DAA1B67156900248832 /* pl-PL-iPhone5-3-portrait.png in Resources */ = {isa = PBXBuildFile; fileRef = 75B84D501B67156900248832 /* pl-PL-iPhone5-3-portrait.png */; };
		75B84DAB1B67156900248832 /* pl-PL-iPhone5-4-portrait.png in Resources */ = {isa = PBXBuildFile; fileRef = 75B84D511B67156900248832 /* pl-PL-iPhone5-4-portrait.png */; };
		75B84DAC1B67156900248832 /* ru-RU-iPhone5-0-portrait.png in Resources */ = {isa = PBXBuildFile; fileRef = 75B84D521B67156900248832 /* ru-RU-iPhone5-0-portrait.png */; };
		75B84DAD1B67156900248832 /* ru-RU-iPhone5-1-portrait.png in Resources */ = {isa = PBXBuildFile; fileRef = 75B84D531B67156900248832 /* ru-RU-iPhone5-1-portrait.png */; };
		75B84DAE1B67156900248832 /* ru-RU-iPhone5-2-portrait.png in Resources */ = {isa = PBXBuildFile; fileRef = 75B84D541B67156900248832 /* ru-RU-iPhone5-2-portrait.png */; };
		75B84DAF1B67156900248832 /* ru-RU-iPhone5-3-portrait.png in Resources */ = {isa = PBXBuildFile; fileRef = 75B84D551B67156900248832 /* ru-RU-iPhone5-3-portrait.png */; };
		75B84DB01B67156900248832 /* ru-RU-iPhone5-4-portrait.png in Resources */ = {isa = PBXBuildFile; fileRef = 75B84D561B67156900248832 /* ru-RU-iPhone5-4-portrait.png */; };
		75B84DB11B67156900248832 /* sq-AL-iPhone5-0-portrait.png in Resources */ = {isa = PBXBuildFile; fileRef = 75B84D571B67156900248832 /* sq-AL-iPhone5-0-portrait.png */; };
		75B84DB21B67156900248832 /* sq-AL-iPhone5-1-portrait.png in Resources */ = {isa = PBXBuildFile; fileRef = 75B84D581B67156900248832 /* sq-AL-iPhone5-1-portrait.png */; };
		75B84DB31B67156900248832 /* sq-AL-iPhone5-2-portrait.png in Resources */ = {isa = PBXBuildFile; fileRef = 75B84D591B67156900248832 /* sq-AL-iPhone5-2-portrait.png */; };
		75B84DB41B67156900248832 /* sq-AL-iPhone5-3-portrait.png in Resources */ = {isa = PBXBuildFile; fileRef = 75B84D5A1B67156900248832 /* sq-AL-iPhone5-3-portrait.png */; };
		75B84DB51B67156900248832 /* sq-AL-iPhone5-4-portrait.png in Resources */ = {isa = PBXBuildFile; fileRef = 75B84D5B1B67156900248832 /* sq-AL-iPhone5-4-portrait.png */; };
		75B84DB61B67156900248832 /* sv-SE-iPhone5-0-portrait.png in Resources */ = {isa = PBXBuildFile; fileRef = 75B84D5C1B67156900248832 /* sv-SE-iPhone5-0-portrait.png */; };
		75B84DB71B67156900248832 /* sv-SE-iPhone5-1-portrait.png in Resources */ = {isa = PBXBuildFile; fileRef = 75B84D5D1B67156900248832 /* sv-SE-iPhone5-1-portrait.png */; };
		75B84DB81B67156900248832 /* sv-SE-iPhone5-2-portrait.png in Resources */ = {isa = PBXBuildFile; fileRef = 75B84D5E1B67156900248832 /* sv-SE-iPhone5-2-portrait.png */; };
		75B84DB91B67156900248832 /* sv-SE-iPhone5-3-portrait.png in Resources */ = {isa = PBXBuildFile; fileRef = 75B84D5F1B67156900248832 /* sv-SE-iPhone5-3-portrait.png */; };
		75B84DBA1B67156900248832 /* sv-SE-iPhone5-4-portrait.png in Resources */ = {isa = PBXBuildFile; fileRef = 75B84D601B67156900248832 /* sv-SE-iPhone5-4-portrait.png */; };
		75B84DBB1B67156900248832 /* tr-TR-iPhone5-0-portrait.png in Resources */ = {isa = PBXBuildFile; fileRef = 75B84D611B67156900248832 /* tr-TR-iPhone5-0-portrait.png */; };
		75B84DBC1B67156900248832 /* tr-TR-iPhone5-1-portrait.png in Resources */ = {isa = PBXBuildFile; fileRef = 75B84D621B67156900248832 /* tr-TR-iPhone5-1-portrait.png */; };
		75B84DBD1B67156900248832 /* tr-TR-iPhone5-2-portrait.png in Resources */ = {isa = PBXBuildFile; fileRef = 75B84D631B67156900248832 /* tr-TR-iPhone5-2-portrait.png */; };
		75B84DBE1B67156900248832 /* tr-TR-iPhone5-3-portrait.png in Resources */ = {isa = PBXBuildFile; fileRef = 75B84D641B67156900248832 /* tr-TR-iPhone5-3-portrait.png */; };
		75B84DBF1B67156900248832 /* tr-TR-iPhone5-4-portrait.png in Resources */ = {isa = PBXBuildFile; fileRef = 75B84D651B67156900248832 /* tr-TR-iPhone5-4-portrait.png */; };
		75B84DC01B67156900248832 /* zh_CN-iPhone5-0-portrait.png in Resources */ = {isa = PBXBuildFile; fileRef = 75B84D661B67156900248832 /* zh_CN-iPhone5-0-portrait.png */; };
		75B84DC11B67156900248832 /* zh_CN-iPhone5-1-portrait.png in Resources */ = {isa = PBXBuildFile; fileRef = 75B84D671B67156900248832 /* zh_CN-iPhone5-1-portrait.png */; };
		75B84DC21B67156900248832 /* zh_CN-iPhone5-2-portrait.png in Resources */ = {isa = PBXBuildFile; fileRef = 75B84D681B67156900248832 /* zh_CN-iPhone5-2-portrait.png */; };
		75B84DC31B67156900248832 /* zh_CN-iPhone5-3-portrait.png in Resources */ = {isa = PBXBuildFile; fileRef = 75B84D691B67156900248832 /* zh_CN-iPhone5-3-portrait.png */; };
		75B84DC41B67156900248832 /* zh_CN-iPhone5-4-portrait.png in Resources */ = {isa = PBXBuildFile; fileRef = 75B84D6A1B67156900248832 /* zh_CN-iPhone5-4-portrait.png */; };
		75B84DC51B672EAA00248832 /* Localizable.strings in Resources */ = {isa = PBXBuildFile; fileRef = 75B84DC71B672EAA00248832 /* Localizable.strings */; };
/* End PBXBuildFile section */

/* Begin PBXContainerItemProxy section */
		7529727E1B65E80A00BE756D /* PBXContainerItemProxy */ = {
			isa = PBXContainerItemProxy;
			containerPortal = 752972601B65E80900BE756D /* Project object */;
			proxyType = 1;
			remoteGlobalIDString = 752972671B65E80900BE756D;
			remoteInfo = GrapeShot;
		};
/* End PBXContainerItemProxy section */

/* Begin PBXFileReference section */
		752972681B65E80900BE756D /* GrapeShot.app */ = {isa = PBXFileReference; explicitFileType = wrapper.application; includeInIndex = 0; path = GrapeShot.app; sourceTree = BUILT_PRODUCTS_DIR; };
		7529726C1B65E80900BE756D /* Info.plist */ = {isa = PBXFileReference; lastKnownFileType = text.plist.xml; path = Info.plist; sourceTree = "<group>"; };
		7529726D1B65E80900BE756D /* AppDelegate.swift */ = {isa = PBXFileReference; lastKnownFileType = sourcecode.swift; path = AppDelegate.swift; sourceTree = "<group>"; };
		7529726F1B65E80900BE756D /* ViewController.swift */ = {isa = PBXFileReference; lastKnownFileType = sourcecode.swift; path = ViewController.swift; sourceTree = "<group>"; };
		752972721B65E80900BE756D /* Base */ = {isa = PBXFileReference; lastKnownFileType = file.storyboard; name = Base; path = Base.lproj/Main.storyboard; sourceTree = "<group>"; };
		752972741B65E80900BE756D /* Images.xcassets */ = {isa = PBXFileReference; lastKnownFileType = folder.assetcatalog; path = Images.xcassets; sourceTree = "<group>"; };
		752972771B65E80900BE756D /* Base */ = {isa = PBXFileReference; lastKnownFileType = file.xib; name = Base; path = Base.lproj/LaunchScreen.xib; sourceTree = "<group>"; };
		7529727D1B65E80A00BE756D /* GrapeShotTests.xctest */ = {isa = PBXFileReference; explicitFileType = wrapper.cfbundle; includeInIndex = 0; path = GrapeShotTests.xctest; sourceTree = BUILT_PRODUCTS_DIR; };
		752972821B65E80A00BE756D /* Info.plist */ = {isa = PBXFileReference; lastKnownFileType = text.plist.xml; path = Info.plist; sourceTree = "<group>"; };
		752972831B65E80A00BE756D /* GrapeShotTests.swift */ = {isa = PBXFileReference; lastKnownFileType = sourcecode.swift; path = GrapeShotTests.swift; sourceTree = "<group>"; };
		75B84D111B67156900248832 /* da-DK-iPhone5-0-portrait.png */ = {isa = PBXFileReference; lastKnownFileType = image.png; path = "da-DK-iPhone5-0-portrait.png"; sourceTree = "<group>"; };
		75B84D121B67156900248832 /* da-DK-iPhone5-1-portrait.png */ = {isa = PBXFileReference; lastKnownFileType = image.png; path = "da-DK-iPhone5-1-portrait.png"; sourceTree = "<group>"; };
		75B84D131B67156900248832 /* da-DK-iPhone5-2-portrait.png */ = {isa = PBXFileReference; lastKnownFileType = image.png; path = "da-DK-iPhone5-2-portrait.png"; sourceTree = "<group>"; };
		75B84D141B67156900248832 /* da-DK-iPhone5-3-portrait.png */ = {isa = PBXFileReference; lastKnownFileType = image.png; path = "da-DK-iPhone5-3-portrait.png"; sourceTree = "<group>"; };
		75B84D151B67156900248832 /* da-DK-iPhone5-4-portrait.png */ = {isa = PBXFileReference; lastKnownFileType = image.png; path = "da-DK-iPhone5-4-portrait.png"; sourceTree = "<group>"; };
		75B84D161B67156900248832 /* de-DE-iPhone5-0-portrait.png */ = {isa = PBXFileReference; lastKnownFileType = image.png; path = "de-DE-iPhone5-0-portrait.png"; sourceTree = "<group>"; };
		75B84D171B67156900248832 /* de-DE-iPhone5-1-portrait.png */ = {isa = PBXFileReference; lastKnownFileType = image.png; path = "de-DE-iPhone5-1-portrait.png"; sourceTree = "<group>"; };
		75B84D181B67156900248832 /* de-DE-iPhone5-2-portrait.png */ = {isa = PBXFileReference; lastKnownFileType = image.png; path = "de-DE-iPhone5-2-portrait.png"; sourceTree = "<group>"; };
		75B84D191B67156900248832 /* de-DE-iPhone5-3-portrait.png */ = {isa = PBXFileReference; lastKnownFileType = image.png; path = "de-DE-iPhone5-3-portrait.png"; sourceTree = "<group>"; };
		75B84D1A1B67156900248832 /* de-DE-iPhone5-4-portrait.png */ = {isa = PBXFileReference; lastKnownFileType = image.png; path = "de-DE-iPhone5-4-portrait.png"; sourceTree = "<group>"; };
		75B84D1B1B67156900248832 /* el-GR-iPhone5-0-portrait.png */ = {isa = PBXFileReference; lastKnownFileType = image.png; path = "el-GR-iPhone5-0-portrait.png"; sourceTree = "<group>"; };
		75B84D1C1B67156900248832 /* el-GR-iPhone5-1-portrait.png */ = {isa = PBXFileReference; lastKnownFileType = image.png; path = "el-GR-iPhone5-1-portrait.png"; sourceTree = "<group>"; };
		75B84D1D1B67156900248832 /* el-GR-iPhone5-2-portrait.png */ = {isa = PBXFileReference; lastKnownFileType = image.png; path = "el-GR-iPhone5-2-portrait.png"; sourceTree = "<group>"; };
		75B84D1E1B67156900248832 /* el-GR-iPhone5-3-portrait.png */ = {isa = PBXFileReference; lastKnownFileType = image.png; path = "el-GR-iPhone5-3-portrait.png"; sourceTree = "<group>"; };
		75B84D1F1B67156900248832 /* el-GR-iPhone5-4-portrait.png */ = {isa = PBXFileReference; lastKnownFileType = image.png; path = "el-GR-iPhone5-4-portrait.png"; sourceTree = "<group>"; };
		75B84D201B67156900248832 /* en-US-iPhone5-0-portrait.png */ = {isa = PBXFileReference; lastKnownFileType = image.png; path = "en-US-iPhone5-0-portrait.png"; sourceTree = "<group>"; };
		75B84D211B67156900248832 /* en-US-iPhone5-1-portrait.png */ = {isa = PBXFileReference; lastKnownFileType = image.png; path = "en-US-iPhone5-1-portrait.png"; sourceTree = "<group>"; };
		75B84D221B67156900248832 /* en-US-iPhone5-2-portrait.png */ = {isa = PBXFileReference; lastKnownFileType = image.png; path = "en-US-iPhone5-2-portrait.png"; sourceTree = "<group>"; };
		75B84D231B67156900248832 /* en-US-iPhone5-3-portrait.png */ = {isa = PBXFileReference; lastKnownFileType = image.png; path = "en-US-iPhone5-3-portrait.png"; sourceTree = "<group>"; };
		75B84D241B67156900248832 /* en-US-iPhone5-4-portrait.png */ = {isa = PBXFileReference; lastKnownFileType = image.png; path = "en-US-iPhone5-4-portrait.png"; sourceTree = "<group>"; };
		75B84D251B67156900248832 /* es-ES-iPhone5-0-portrait.png */ = {isa = PBXFileReference; lastKnownFileType = image.png; path = "es-ES-iPhone5-0-portrait.png"; sourceTree = "<group>"; };
		75B84D261B67156900248832 /* es-ES-iPhone5-1-portrait.png */ = {isa = PBXFileReference; lastKnownFileType = image.png; path = "es-ES-iPhone5-1-portrait.png"; sourceTree = "<group>"; };
		75B84D271B67156900248832 /* es-ES-iPhone5-2-portrait.png */ = {isa = PBXFileReference; lastKnownFileType = image.png; path = "es-ES-iPhone5-2-portrait.png"; sourceTree = "<group>"; };
		75B84D281B67156900248832 /* es-ES-iPhone5-3-portrait.png */ = {isa = PBXFileReference; lastKnownFileType = image.png; path = "es-ES-iPhone5-3-portrait.png"; sourceTree = "<group>"; };
		75B84D291B67156900248832 /* es-ES-iPhone5-4-portrait.png */ = {isa = PBXFileReference; lastKnownFileType = image.png; path = "es-ES-iPhone5-4-portrait.png"; sourceTree = "<group>"; };
		75B84D2A1B67156900248832 /* fr-FR-iPhone5-0-portrait.png */ = {isa = PBXFileReference; lastKnownFileType = image.png; path = "fr-FR-iPhone5-0-portrait.png"; sourceTree = "<group>"; };
		75B84D2B1B67156900248832 /* fr-FR-iPhone5-1-portrait.png */ = {isa = PBXFileReference; lastKnownFileType = image.png; path = "fr-FR-iPhone5-1-portrait.png"; sourceTree = "<group>"; };
		75B84D2C1B67156900248832 /* fr-FR-iPhone5-2-portrait.png */ = {isa = PBXFileReference; lastKnownFileType = image.png; path = "fr-FR-iPhone5-2-portrait.png"; sourceTree = "<group>"; };
		75B84D2D1B67156900248832 /* fr-FR-iPhone5-3-portrait.png */ = {isa = PBXFileReference; lastKnownFileType = image.png; path = "fr-FR-iPhone5-3-portrait.png"; sourceTree = "<group>"; };
		75B84D2E1B67156900248832 /* fr-FR-iPhone5-4-portrait.png */ = {isa = PBXFileReference; lastKnownFileType = image.png; path = "fr-FR-iPhone5-4-portrait.png"; sourceTree = "<group>"; };
		75B84D2F1B67156900248832 /* hu-HU-iPhone5-0-portrait.png */ = {isa = PBXFileReference; lastKnownFileType = image.png; path = "hu-HU-iPhone5-0-portrait.png"; sourceTree = "<group>"; };
		75B84D301B67156900248832 /* hu-HU-iPhone5-1-portrait.png */ = {isa = PBXFileReference; lastKnownFileType = image.png; path = "hu-HU-iPhone5-1-portrait.png"; sourceTree = "<group>"; };
		75B84D311B67156900248832 /* hu-HU-iPhone5-2-portrait.png */ = {isa = PBXFileReference; lastKnownFileType = image.png; path = "hu-HU-iPhone5-2-portrait.png"; sourceTree = "<group>"; };
		75B84D321B67156900248832 /* hu-HU-iPhone5-3-portrait.png */ = {isa = PBXFileReference; lastKnownFileType = image.png; path = "hu-HU-iPhone5-3-portrait.png"; sourceTree = "<group>"; };
		75B84D331B67156900248832 /* hu-HU-iPhone5-4-portrait.png */ = {isa = PBXFileReference; lastKnownFileType = image.png; path = "hu-HU-iPhone5-4-portrait.png"; sourceTree = "<group>"; };
		75B84D341B67156900248832 /* it-IT-iPhone5-0-portrait.png */ = {isa = PBXFileReference; lastKnownFileType = image.png; path = "it-IT-iPhone5-0-portrait.png"; sourceTree = "<group>"; };
		75B84D351B67156900248832 /* it-IT-iPhone5-1-portrait.png */ = {isa = PBXFileReference; lastKnownFileType = image.png; path = "it-IT-iPhone5-1-portrait.png"; sourceTree = "<group>"; };
		75B84D361B67156900248832 /* it-IT-iPhone5-2-portrait.png */ = {isa = PBXFileReference; lastKnownFileType = image.png; path = "it-IT-iPhone5-2-portrait.png"; sourceTree = "<group>"; };
		75B84D371B67156900248832 /* it-IT-iPhone5-3-portrait.png */ = {isa = PBXFileReference; lastKnownFileType = image.png; path = "it-IT-iPhone5-3-portrait.png"; sourceTree = "<group>"; };
		75B84D381B67156900248832 /* it-IT-iPhone5-4-portrait.png */ = {isa = PBXFileReference; lastKnownFileType = image.png; path = "it-IT-iPhone5-4-portrait.png"; sourceTree = "<group>"; };
		75B84D391B67156900248832 /* ja-JP-iPhone5-0-portrait.png */ = {isa = PBXFileReference; lastKnownFileType = image.png; path = "ja-JP-iPhone5-0-portrait.png"; sourceTree = "<group>"; };
		75B84D3A1B67156900248832 /* ja-JP-iPhone5-1-portrait.png */ = {isa = PBXFileReference; lastKnownFileType = image.png; path = "ja-JP-iPhone5-1-portrait.png"; sourceTree = "<group>"; };
		75B84D3B1B67156900248832 /* ja-JP-iPhone5-2-portrait.png */ = {isa = PBXFileReference; lastKnownFileType = image.png; path = "ja-JP-iPhone5-2-portrait.png"; sourceTree = "<group>"; };
		75B84D3C1B67156900248832 /* ja-JP-iPhone5-3-portrait.png */ = {isa = PBXFileReference; lastKnownFileType = image.png; path = "ja-JP-iPhone5-3-portrait.png"; sourceTree = "<group>"; };
		75B84D3D1B67156900248832 /* ja-JP-iPhone5-4-portrait.png */ = {isa = PBXFileReference; lastKnownFileType = image.png; path = "ja-JP-iPhone5-4-portrait.png"; sourceTree = "<group>"; };
		75B84D3E1B67156900248832 /* ko-KR-iPhone5-0-portrait.png */ = {isa = PBXFileReference; lastKnownFileType = image.png; path = "ko-KR-iPhone5-0-portrait.png"; sourceTree = "<group>"; };
		75B84D3F1B67156900248832 /* ko-KR-iPhone5-1-portrait.png */ = {isa = PBXFileReference; lastKnownFileType = image.png; path = "ko-KR-iPhone5-1-portrait.png"; sourceTree = "<group>"; };
		75B84D401B67156900248832 /* ko-KR-iPhone5-2-portrait.png */ = {isa = PBXFileReference; lastKnownFileType = image.png; path = "ko-KR-iPhone5-2-portrait.png"; sourceTree = "<group>"; };
		75B84D411B67156900248832 /* ko-KR-iPhone5-3-portrait.png */ = {isa = PBXFileReference; lastKnownFileType = image.png; path = "ko-KR-iPhone5-3-portrait.png"; sourceTree = "<group>"; };
		75B84D421B67156900248832 /* ko-KR-iPhone5-4-portrait.png */ = {isa = PBXFileReference; lastKnownFileType = image.png; path = "ko-KR-iPhone5-4-portrait.png"; sourceTree = "<group>"; };
		75B84D431B67156900248832 /* nb-NO-iPhone5-0-portrait.png */ = {isa = PBXFileReference; lastKnownFileType = image.png; path = "nb-NO-iPhone5-0-portrait.png"; sourceTree = "<group>"; };
		75B84D441B67156900248832 /* nb-NO-iPhone5-1-portrait.png */ = {isa = PBXFileReference; lastKnownFileType = image.png; path = "nb-NO-iPhone5-1-portrait.png"; sourceTree = "<group>"; };
		75B84D451B67156900248832 /* nb-NO-iPhone5-2-portrait.png */ = {isa = PBXFileReference; lastKnownFileType = image.png; path = "nb-NO-iPhone5-2-portrait.png"; sourceTree = "<group>"; };
		75B84D461B67156900248832 /* nb-NO-iPhone5-3-portrait.png */ = {isa = PBXFileReference; lastKnownFileType = image.png; path = "nb-NO-iPhone5-3-portrait.png"; sourceTree = "<group>"; };
		75B84D471B67156900248832 /* nb-NO-iPhone5-4-portrait.png */ = {isa = PBXFileReference; lastKnownFileType = image.png; path = "nb-NO-iPhone5-4-portrait.png"; sourceTree = "<group>"; };
		75B84D481B67156900248832 /* nl-NL-iPhone5-0-portrait.png */ = {isa = PBXFileReference; lastKnownFileType = image.png; path = "nl-NL-iPhone5-0-portrait.png"; sourceTree = "<group>"; };
		75B84D491B67156900248832 /* nl-NL-iPhone5-1-portrait.png */ = {isa = PBXFileReference; lastKnownFileType = image.png; path = "nl-NL-iPhone5-1-portrait.png"; sourceTree = "<group>"; };
		75B84D4A1B67156900248832 /* nl-NL-iPhone5-2-portrait.png */ = {isa = PBXFileReference; lastKnownFileType = image.png; path = "nl-NL-iPhone5-2-portrait.png"; sourceTree = "<group>"; };
		75B84D4B1B67156900248832 /* nl-NL-iPhone5-3-portrait.png */ = {isa = PBXFileReference; lastKnownFileType = image.png; path = "nl-NL-iPhone5-3-portrait.png"; sourceTree = "<group>"; };
		75B84D4C1B67156900248832 /* nl-NL-iPhone5-4-portrait.png */ = {isa = PBXFileReference; lastKnownFileType = image.png; path = "nl-NL-iPhone5-4-portrait.png"; sourceTree = "<group>"; };
		75B84D4D1B67156900248832 /* pl-PL-iPhone5-0-portrait.png */ = {isa = PBXFileReference; lastKnownFileType = image.png; path = "pl-PL-iPhone5-0-portrait.png"; sourceTree = "<group>"; };
		75B84D4E1B67156900248832 /* pl-PL-iPhone5-1-portrait.png */ = {isa = PBXFileReference; lastKnownFileType = image.png; path = "pl-PL-iPhone5-1-portrait.png"; sourceTree = "<group>"; };
		75B84D4F1B67156900248832 /* pl-PL-iPhone5-2-portrait.png */ = {isa = PBXFileReference; lastKnownFileType = image.png; path = "pl-PL-iPhone5-2-portrait.png"; sourceTree = "<group>"; };
		75B84D501B67156900248832 /* pl-PL-iPhone5-3-portrait.png */ = {isa = PBXFileReference; lastKnownFileType = image.png; path = "pl-PL-iPhone5-3-portrait.png"; sourceTree = "<group>"; };
		75B84D511B67156900248832 /* pl-PL-iPhone5-4-portrait.png */ = {isa = PBXFileReference; lastKnownFileType = image.png; path = "pl-PL-iPhone5-4-portrait.png"; sourceTree = "<group>"; };
		75B84D521B67156900248832 /* ru-RU-iPhone5-0-portrait.png */ = {isa = PBXFileReference; lastKnownFileType = image.png; path = "ru-RU-iPhone5-0-portrait.png"; sourceTree = "<group>"; };
		75B84D531B67156900248832 /* ru-RU-iPhone5-1-portrait.png */ = {isa = PBXFileReference; lastKnownFileType = image.png; path = "ru-RU-iPhone5-1-portrait.png"; sourceTree = "<group>"; };
		75B84D541B67156900248832 /* ru-RU-iPhone5-2-portrait.png */ = {isa = PBXFileReference; lastKnownFileType = image.png; path = "ru-RU-iPhone5-2-portrait.png"; sourceTree = "<group>"; };
		75B84D551B67156900248832 /* ru-RU-iPhone5-3-portrait.png */ = {isa = PBXFileReference; lastKnownFileType = image.png; path = "ru-RU-iPhone5-3-portrait.png"; sourceTree = "<group>"; };
		75B84D561B67156900248832 /* ru-RU-iPhone5-4-portrait.png */ = {isa = PBXFileReference; lastKnownFileType = image.png; path = "ru-RU-iPhone5-4-portrait.png"; sourceTree = "<group>"; };
		75B84D571B67156900248832 /* sq-AL-iPhone5-0-portrait.png */ = {isa = PBXFileReference; lastKnownFileType = image.png; path = "sq-AL-iPhone5-0-portrait.png"; sourceTree = "<group>"; };
		75B84D581B67156900248832 /* sq-AL-iPhone5-1-portrait.png */ = {isa = PBXFileReference; lastKnownFileType = image.png; path = "sq-AL-iPhone5-1-portrait.png"; sourceTree = "<group>"; };
		75B84D591B67156900248832 /* sq-AL-iPhone5-2-portrait.png */ = {isa = PBXFileReference; lastKnownFileType = image.png; path = "sq-AL-iPhone5-2-portrait.png"; sourceTree = "<group>"; };
		75B84D5A1B67156900248832 /* sq-AL-iPhone5-3-portrait.png */ = {isa = PBXFileReference; lastKnownFileType = image.png; path = "sq-AL-iPhone5-3-portrait.png"; sourceTree = "<group>"; };
		75B84D5B1B67156900248832 /* sq-AL-iPhone5-4-portrait.png */ = {isa = PBXFileReference; lastKnownFileType = image.png; path = "sq-AL-iPhone5-4-portrait.png"; sourceTree = "<group>"; };
		75B84D5C1B67156900248832 /* sv-SE-iPhone5-0-portrait.png */ = {isa = PBXFileReference; lastKnownFileType = image.png; path = "sv-SE-iPhone5-0-portrait.png"; sourceTree = "<group>"; };
		75B84D5D1B67156900248832 /* sv-SE-iPhone5-1-portrait.png */ = {isa = PBXFileReference; lastKnownFileType = image.png; path = "sv-SE-iPhone5-1-portrait.png"; sourceTree = "<group>"; };
		75B84D5E1B67156900248832 /* sv-SE-iPhone5-2-portrait.png */ = {isa = PBXFileReference; lastKnownFileType = image.png; path = "sv-SE-iPhone5-2-portrait.png"; sourceTree = "<group>"; };
		75B84D5F1B67156900248832 /* sv-SE-iPhone5-3-portrait.png */ = {isa = PBXFileReference; lastKnownFileType = image.png; path = "sv-SE-iPhone5-3-portrait.png"; sourceTree = "<group>"; };
		75B84D601B67156900248832 /* sv-SE-iPhone5-4-portrait.png */ = {isa = PBXFileReference; lastKnownFileType = image.png; path = "sv-SE-iPhone5-4-portrait.png"; sourceTree = "<group>"; };
		75B84D611B67156900248832 /* tr-TR-iPhone5-0-portrait.png */ = {isa = PBXFileReference; lastKnownFileType = image.png; path = "tr-TR-iPhone5-0-portrait.png"; sourceTree = "<group>"; };
		75B84D621B67156900248832 /* tr-TR-iPhone5-1-portrait.png */ = {isa = PBXFileReference; lastKnownFileType = image.png; path = "tr-TR-iPhone5-1-portrait.png"; sourceTree = "<group>"; };
		75B84D631B67156900248832 /* tr-TR-iPhone5-2-portrait.png */ = {isa = PBXFileReference; lastKnownFileType = image.png; path = "tr-TR-iPhone5-2-portrait.png"; sourceTree = "<group>"; };
		75B84D641B67156900248832 /* tr-TR-iPhone5-3-portrait.png */ = {isa = PBXFileReference; lastKnownFileType = image.png; path = "tr-TR-iPhone5-3-portrait.png"; sourceTree = "<group>"; };
		75B84D651B67156900248832 /* tr-TR-iPhone5-4-portrait.png */ = {isa = PBXFileReference; lastKnownFileType = image.png; path = "tr-TR-iPhone5-4-portrait.png"; sourceTree = "<group>"; };
		75B84D661B67156900248832 /* zh_CN-iPhone5-0-portrait.png */ = {isa = PBXFileReference; lastKnownFileType = image.png; path = "zh_CN-iPhone5-0-portrait.png"; sourceTree = "<group>"; };
		75B84D671B67156900248832 /* zh_CN-iPhone5-1-portrait.png */ = {isa = PBXFileReference; lastKnownFileType = image.png; path = "zh_CN-iPhone5-1-portrait.png"; sourceTree = "<group>"; };
		75B84D681B67156900248832 /* zh_CN-iPhone5-2-portrait.png */ = {isa = PBXFileReference; lastKnownFileType = image.png; path = "zh_CN-iPhone5-2-portrait.png"; sourceTree = "<group>"; };
		75B84D691B67156900248832 /* zh_CN-iPhone5-3-portrait.png */ = {isa = PBXFileReference; lastKnownFileType = image.png; path = "zh_CN-iPhone5-3-portrait.png"; sourceTree = "<group>"; };
		75B84D6A1B67156900248832 /* zh_CN-iPhone5-4-portrait.png */ = {isa = PBXFileReference; lastKnownFileType = image.png; path = "zh_CN-iPhone5-4-portrait.png"; sourceTree = "<group>"; };
		75B84DC61B672EAA00248832 /* en */ = {isa = PBXFileReference; lastKnownFileType = text.plist.strings; name = en; path = en.lproj/Localizable.strings; sourceTree = "<group>"; };
		75B84DC81B672EC900248832 /* fr */ = {isa = PBXFileReference; lastKnownFileType = text.plist.strings; name = fr; path = fr.lproj/Localizable.strings; sourceTree = "<group>"; };
		75B84DC91B672ED200248832 /* zh-Hans */ = {isa = PBXFileReference; lastKnownFileType = text.plist.strings; name = "zh-Hans"; path = "zh-Hans.lproj/Localizable.strings"; sourceTree = "<group>"; };
		75B84DCA1B672EDB00248832 /* de */ = {isa = PBXFileReference; lastKnownFileType = text.plist.strings; name = de; path = de.lproj/Localizable.strings; sourceTree = "<group>"; };
		75B84DCB1B672EE500248832 /* ja */ = {isa = PBXFileReference; lastKnownFileType = text.plist.strings; name = ja; path = ja.lproj/Localizable.strings; sourceTree = "<group>"; };
		75B84DCC1B672EEE00248832 /* es */ = {isa = PBXFileReference; lastKnownFileType = text.plist.strings; name = es; path = es.lproj/Localizable.strings; sourceTree = "<group>"; };
		75B84DCD1B672EFB00248832 /* it */ = {isa = PBXFileReference; lastKnownFileType = text.plist.strings; name = it; path = it.lproj/Localizable.strings; sourceTree = "<group>"; };
		75B84DCE1B672F0E00248832 /* nl */ = {isa = PBXFileReference; lastKnownFileType = text.plist.strings; name = nl; path = nl.lproj/Localizable.strings; sourceTree = "<group>"; };
		75B84DCF1B672F1800248832 /* ko */ = {isa = PBXFileReference; lastKnownFileType = text.plist.strings; name = ko; path = ko.lproj/Localizable.strings; sourceTree = "<group>"; };
		75B84DD01B672F2300248832 /* da */ = {isa = PBXFileReference; lastKnownFileType = text.plist.strings; name = da; path = da.lproj/Localizable.strings; sourceTree = "<group>"; };
		75B84DD11B672F2F00248832 /* nb */ = {isa = PBXFileReference; lastKnownFileType = text.plist.strings; name = nb; path = nb.lproj/Localizable.strings; sourceTree = "<group>"; };
		75B84DD21B672F4B00248832 /* sv */ = {isa = PBXFileReference; lastKnownFileType = text.plist.strings; name = sv; path = sv.lproj/Localizable.strings; sourceTree = "<group>"; };
		75B84DD31B672F5300248832 /* ru */ = {isa = PBXFileReference; lastKnownFileType = text.plist.strings; name = ru; path = ru.lproj/Localizable.strings; sourceTree = "<group>"; };
		75B84DD41B672F6F00248832 /* pl */ = {isa = PBXFileReference; lastKnownFileType = text.plist.strings; name = pl; path = pl.lproj/Localizable.strings; sourceTree = "<group>"; };
		75B84DD51B672F8100248832 /* tr */ = {isa = PBXFileReference; lastKnownFileType = text.plist.strings; name = tr; path = tr.lproj/Localizable.strings; sourceTree = "<group>"; };
		75B84DD61B672F9000248832 /* hu */ = {isa = PBXFileReference; lastKnownFileType = text.plist.strings; name = hu; path = hu.lproj/Localizable.strings; sourceTree = "<group>"; };
		75B84DD71B672F9D00248832 /* el */ = {isa = PBXFileReference; lastKnownFileType = text.plist.strings; name = el; path = el.lproj/Localizable.strings; sourceTree = "<group>"; };
		75B84DD81B672FD000248832 /* sq */ = {isa = PBXFileReference; lastKnownFileType = text.plist.strings; name = sq; path = sq.lproj/Localizable.strings; sourceTree = "<group>"; };
/* End PBXFileReference section */

/* Begin PBXFrameworksBuildPhase section */
		752972651B65E80900BE756D /* Frameworks */ = {
			isa = PBXFrameworksBuildPhase;
			buildActionMask = 2147483647;
			files = (
			);
			runOnlyForDeploymentPostprocessing = 0;
		};
		7529727A1B65E80A00BE756D /* Frameworks */ = {
			isa = PBXFrameworksBuildPhase;
			buildActionMask = 2147483647;
			files = (
			);
			runOnlyForDeploymentPostprocessing = 0;
		};
/* End PBXFrameworksBuildPhase section */

/* Begin PBXGroup section */
		7529725F1B65E80900BE756D = {
			isa = PBXGroup;
			children = (
				7529726A1B65E80900BE756D /* GrapeShot */,
				752972801B65E80A00BE756D /* GrapeShotTests */,
				752972691B65E80900BE756D /* Products */,
			);
			sourceTree = "<group>";
		};
		752972691B65E80900BE756D /* Products */ = {
			isa = PBXGroup;
			children = (
				752972681B65E80900BE756D /* GrapeShot.app */,
				7529727D1B65E80A00BE756D /* GrapeShotTests.xctest */,
			);
			name = Products;
			sourceTree = "<group>";
		};
		7529726A1B65E80900BE756D /* GrapeShot */ = {
			isa = PBXGroup;
			children = (
				7529726D1B65E80900BE756D /* AppDelegate.swift */,
				7529726F1B65E80900BE756D /* ViewController.swift */,
				752972711B65E80900BE756D /* Main.storyboard */,
				752972741B65E80900BE756D /* Images.xcassets */,
				752972761B65E80900BE756D /* LaunchScreen.xib */,
				75B84D101B67156900248832 /* shots */,
				7529726B1B65E80900BE756D /* Supporting Files */,
			);
			path = GrapeShot;
			sourceTree = "<group>";
		};
		7529726B1B65E80900BE756D /* Supporting Files */ = {
			isa = PBXGroup;
			children = (
				7529726C1B65E80900BE756D /* Info.plist */,
				75B84DC71B672EAA00248832 /* Localizable.strings */,
			);
			name = "Supporting Files";
			sourceTree = "<group>";
		};
		752972801B65E80A00BE756D /* GrapeShotTests */ = {
			isa = PBXGroup;
			children = (
				752972831B65E80A00BE756D /* GrapeShotTests.swift */,
				752972811B65E80A00BE756D /* Supporting Files */,
			);
			path = GrapeShotTests;
			sourceTree = "<group>";
		};
		752972811B65E80A00BE756D /* Supporting Files */ = {
			isa = PBXGroup;
			children = (
				752972821B65E80A00BE756D /* Info.plist */,
			);
			name = "Supporting Files";
			sourceTree = "<group>";
		};
		75B84D101B67156900248832 /* shots */ = {
			isa = PBXGroup;
			children = (
				75B84D111B67156900248832 /* da-DK-iPhone5-0-portrait.png */,
				75B84D121B67156900248832 /* da-DK-iPhone5-1-portrait.png */,
				75B84D131B67156900248832 /* da-DK-iPhone5-2-portrait.png */,
				75B84D141B67156900248832 /* da-DK-iPhone5-3-portrait.png */,
				75B84D151B67156900248832 /* da-DK-iPhone5-4-portrait.png */,
				75B84D161B67156900248832 /* de-DE-iPhone5-0-portrait.png */,
				75B84D171B67156900248832 /* de-DE-iPhone5-1-portrait.png */,
				75B84D181B67156900248832 /* de-DE-iPhone5-2-portrait.png */,
				75B84D191B67156900248832 /* de-DE-iPhone5-3-portrait.png */,
				75B84D1A1B67156900248832 /* de-DE-iPhone5-4-portrait.png */,
				75B84D1B1B67156900248832 /* el-GR-iPhone5-0-portrait.png */,
				75B84D1C1B67156900248832 /* el-GR-iPhone5-1-portrait.png */,
				75B84D1D1B67156900248832 /* el-GR-iPhone5-2-portrait.png */,
				75B84D1E1B67156900248832 /* el-GR-iPhone5-3-portrait.png */,
				75B84D1F1B67156900248832 /* el-GR-iPhone5-4-portrait.png */,
				75B84D201B67156900248832 /* en-US-iPhone5-0-portrait.png */,
				75B84D211B67156900248832 /* en-US-iPhone5-1-portrait.png */,
				75B84D221B67156900248832 /* en-US-iPhone5-2-portrait.png */,
				75B84D231B67156900248832 /* en-US-iPhone5-3-portrait.png */,
				75B84D241B67156900248832 /* en-US-iPhone5-4-portrait.png */,
				75B84D251B67156900248832 /* es-ES-iPhone5-0-portrait.png */,
				75B84D261B67156900248832 /* es-ES-iPhone5-1-portrait.png */,
				75B84D271B67156900248832 /* es-ES-iPhone5-2-portrait.png */,
				75B84D281B67156900248832 /* es-ES-iPhone5-3-portrait.png */,
				75B84D291B67156900248832 /* es-ES-iPhone5-4-portrait.png */,
				75B84D2A1B67156900248832 /* fr-FR-iPhone5-0-portrait.png */,
				75B84D2B1B67156900248832 /* fr-FR-iPhone5-1-portrait.png */,
				75B84D2C1B67156900248832 /* fr-FR-iPhone5-2-portrait.png */,
				75B84D2D1B67156900248832 /* fr-FR-iPhone5-3-portrait.png */,
				75B84D2E1B67156900248832 /* fr-FR-iPhone5-4-portrait.png */,
				75B84D2F1B67156900248832 /* hu-HU-iPhone5-0-portrait.png */,
				75B84D301B67156900248832 /* hu-HU-iPhone5-1-portrait.png */,
				75B84D311B67156900248832 /* hu-HU-iPhone5-2-portrait.png */,
				75B84D321B67156900248832 /* hu-HU-iPhone5-3-portrait.png */,
				75B84D331B67156900248832 /* hu-HU-iPhone5-4-portrait.png */,
				75B84D341B67156900248832 /* it-IT-iPhone5-0-portrait.png */,
				75B84D351B67156900248832 /* it-IT-iPhone5-1-portrait.png */,
				75B84D361B67156900248832 /* it-IT-iPhone5-2-portrait.png */,
				75B84D371B67156900248832 /* it-IT-iPhone5-3-portrait.png */,
				75B84D381B67156900248832 /* it-IT-iPhone5-4-portrait.png */,
				75B84D391B67156900248832 /* ja-JP-iPhone5-0-portrait.png */,
				75B84D3A1B67156900248832 /* ja-JP-iPhone5-1-portrait.png */,
				75B84D3B1B67156900248832 /* ja-JP-iPhone5-2-portrait.png */,
				75B84D3C1B67156900248832 /* ja-JP-iPhone5-3-portrait.png */,
				75B84D3D1B67156900248832 /* ja-JP-iPhone5-4-portrait.png */,
				75B84D3E1B67156900248832 /* ko-KR-iPhone5-0-portrait.png */,
				75B84D3F1B67156900248832 /* ko-KR-iPhone5-1-portrait.png */,
				75B84D401B67156900248832 /* ko-KR-iPhone5-2-portrait.png */,
				75B84D411B67156900248832 /* ko-KR-iPhone5-3-portrait.png */,
				75B84D421B67156900248832 /* ko-KR-iPhone5-4-portrait.png */,
				75B84D431B67156900248832 /* nb-NO-iPhone5-0-portrait.png */,
				75B84D441B67156900248832 /* nb-NO-iPhone5-1-portrait.png */,
				75B84D451B67156900248832 /* nb-NO-iPhone5-2-portrait.png */,
				75B84D461B67156900248832 /* nb-NO-iPhone5-3-portrait.png */,
				75B84D471B67156900248832 /* nb-NO-iPhone5-4-portrait.png */,
				75B84D481B67156900248832 /* nl-NL-iPhone5-0-portrait.png */,
				75B84D491B67156900248832 /* nl-NL-iPhone5-1-portrait.png */,
				75B84D4A1B67156900248832 /* nl-NL-iPhone5-2-portrait.png */,
				75B84D4B1B67156900248832 /* nl-NL-iPhone5-3-portrait.png */,
				75B84D4C1B67156900248832 /* nl-NL-iPhone5-4-portrait.png */,
				75B84D4D1B67156900248832 /* pl-PL-iPhone5-0-portrait.png */,
				75B84D4E1B67156900248832 /* pl-PL-iPhone5-1-portrait.png */,
				75B84D4F1B67156900248832 /* pl-PL-iPhone5-2-portrait.png */,
				75B84D501B67156900248832 /* pl-PL-iPhone5-3-portrait.png */,
				75B84D511B67156900248832 /* pl-PL-iPhone5-4-portrait.png */,
				75B84D521B67156900248832 /* ru-RU-iPhone5-0-portrait.png */,
				75B84D531B67156900248832 /* ru-RU-iPhone5-1-portrait.png */,
				75B84D541B67156900248832 /* ru-RU-iPhone5-2-portrait.png */,
				75B84D551B67156900248832 /* ru-RU-iPhone5-3-portrait.png */,
				75B84D561B67156900248832 /* ru-RU-iPhone5-4-portrait.png */,
				75B84D571B67156900248832 /* sq-AL-iPhone5-0-portrait.png */,
				75B84D581B67156900248832 /* sq-AL-iPhone5-1-portrait.png */,
				75B84D591B67156900248832 /* sq-AL-iPhone5-2-portrait.png */,
				75B84D5A1B67156900248832 /* sq-AL-iPhone5-3-portrait.png */,
				75B84D5B1B67156900248832 /* sq-AL-iPhone5-4-portrait.png */,
				75B84D5C1B67156900248832 /* sv-SE-iPhone5-0-portrait.png */,
				75B84D5D1B67156900248832 /* sv-SE-iPhone5-1-portrait.png */,
				75B84D5E1B67156900248832 /* sv-SE-iPhone5-2-portrait.png */,
				75B84D5F1B67156900248832 /* sv-SE-iPhone5-3-portrait.png */,
				75B84D601B67156900248832 /* sv-SE-iPhone5-4-portrait.png */,
				75B84D611B67156900248832 /* tr-TR-iPhone5-0-portrait.png */,
				75B84D621B67156900248832 /* tr-TR-iPhone5-1-portrait.png */,
				75B84D631B67156900248832 /* tr-TR-iPhone5-2-portrait.png */,
				75B84D641B67156900248832 /* tr-TR-iPhone5-3-portrait.png */,
				75B84D651B67156900248832 /* tr-TR-iPhone5-4-portrait.png */,
				75B84D661B67156900248832 /* zh_CN-iPhone5-0-portrait.png */,
				75B84D671B67156900248832 /* zh_CN-iPhone5-1-portrait.png */,
				75B84D681B67156900248832 /* zh_CN-iPhone5-2-portrait.png */,
				75B84D691B67156900248832 /* zh_CN-iPhone5-3-portrait.png */,
				75B84D6A1B67156900248832 /* zh_CN-iPhone5-4-portrait.png */,
			);
			path = shots;
			sourceTree = "<group>";
		};
/* End PBXGroup section */

/* Begin PBXNativeTarget section */
		752972671B65E80900BE756D /* GrapeShot */ = {
			isa = PBXNativeTarget;
			buildConfigurationList = 752972871B65E80A00BE756D /* Build configuration list for PBXNativeTarget "GrapeShot" */;
			buildPhases = (
				752972641B65E80900BE756D /* Sources */,
				752972651B65E80900BE756D /* Frameworks */,
				752972661B65E80900BE756D /* Resources */,
			);
			buildRules = (
			);
			dependencies = (
			);
			name = GrapeShot;
			productName = GrapeShot;
			productReference = 752972681B65E80900BE756D /* GrapeShot.app */;
			productType = "com.apple.product-type.application";
		};
		7529727C1B65E80A00BE756D /* GrapeShotTests */ = {
			isa = PBXNativeTarget;
			buildConfigurationList = 7529728A1B65E80A00BE756D /* Build configuration list for PBXNativeTarget "GrapeShotTests" */;
			buildPhases = (
				752972791B65E80A00BE756D /* Sources */,
				7529727A1B65E80A00BE756D /* Frameworks */,
				7529727B1B65E80A00BE756D /* Resources */,
			);
			buildRules = (
			);
			dependencies = (
				7529727F1B65E80A00BE756D /* PBXTargetDependency */,
			);
			name = GrapeShotTests;
			productName = GrapeShotTests;
			productReference = 7529727D1B65E80A00BE756D /* GrapeShotTests.xctest */;
			productType = "com.apple.product-type.bundle.unit-test";
		};
/* End PBXNativeTarget section */

/* Begin PBXProject section */
		752972601B65E80900BE756D /* Project object */ = {
			isa = PBXProject;
			attributes = {
				LastUpgradeCheck = 0640;
				ORGANIZATIONNAME = "Aaron Voisine";
				TargetAttributes = {
					752972671B65E80900BE756D = {
						CreatedOnToolsVersion = 6.4;
					};
					7529727C1B65E80A00BE756D = {
						CreatedOnToolsVersion = 6.4;
						TestTargetID = 752972671B65E80900BE756D;
					};
				};
			};
			buildConfigurationList = 752972631B65E80900BE756D /* Build configuration list for PBXProject "GrapeShot" */;
			compatibilityVersion = "Xcode 6.3";
			developmentRegion = English;
			hasScannedForEncodings = 0;
			knownRegions = (
				en,
				Base,
				fr,
				"zh-Hans",
				de,
				ja,
				es,
				it,
				nl,
				ko,
				da,
				nb,
				sv,
				ru,
				pl,
				tr,
				hu,
				el,
				sq,
			);
			mainGroup = 7529725F1B65E80900BE756D;
			productRefGroup = 752972691B65E80900BE756D /* Products */;
			projectDirPath = "";
			projectRoot = "";
			targets = (
				752972671B65E80900BE756D /* GrapeShot */,
				7529727C1B65E80A00BE756D /* GrapeShotTests */,
			);
		};
/* End PBXProject section */

/* Begin PBXResourcesBuildPhase section */
		752972661B65E80900BE756D /* Resources */ = {
			isa = PBXResourcesBuildPhase;
			buildActionMask = 2147483647;
			files = (
				75B84D881B67156900248832 /* fr-FR-iPhone5-4-portrait.png in Resources */,
				75B84D741B67156900248832 /* de-DE-iPhone5-4-portrait.png in Resources */,
				75B84DAF1B67156900248832 /* ru-RU-iPhone5-3-portrait.png in Resources */,
				75B84D9F1B67156900248832 /* nb-NO-iPhone5-2-portrait.png in Resources */,
				75B84D8E1B67156900248832 /* it-IT-iPhone5-0-portrait.png in Resources */,
				75B84D721B67156900248832 /* de-DE-iPhone5-2-portrait.png in Resources */,
				75B84D901B67156900248832 /* it-IT-iPhone5-2-portrait.png in Resources */,
				75B84DC01B67156900248832 /* zh_CN-iPhone5-0-portrait.png in Resources */,
				75B84DB81B67156900248832 /* sv-SE-iPhone5-2-portrait.png in Resources */,
				75B84D991B67156900248832 /* ko-KR-iPhone5-1-portrait.png in Resources */,
				75B84D701B67156900248832 /* de-DE-iPhone5-0-portrait.png in Resources */,
				75B84DC21B67156900248832 /* zh_CN-iPhone5-2-portrait.png in Resources */,
				75B84DAE1B67156900248832 /* ru-RU-iPhone5-2-portrait.png in Resources */,
				752972731B65E80900BE756D /* Main.storyboard in Resources */,
				75B84DC51B672EAA00248832 /* Localizable.strings in Resources */,
				75B84D961B67156900248832 /* ja-JP-iPhone5-3-portrait.png in Resources */,
				75B84D9B1B67156900248832 /* ko-KR-iPhone5-3-portrait.png in Resources */,
				75B84DB91B67156900248832 /* sv-SE-iPhone5-3-portrait.png in Resources */,
				75B84D731B67156900248832 /* de-DE-iPhone5-3-portrait.png in Resources */,
				75B84D891B67156900248832 /* hu-HU-iPhone5-0-portrait.png in Resources */,
				75B84DA31B67156900248832 /* nl-NL-iPhone5-1-portrait.png in Resources */,
				75B84DAA1B67156900248832 /* pl-PL-iPhone5-3-portrait.png in Resources */,
				75B84DB21B67156900248832 /* sq-AL-iPhone5-1-portrait.png in Resources */,
				75B84DBA1B67156900248832 /* sv-SE-iPhone5-4-portrait.png in Resources */,
				75B84D711B67156900248832 /* de-DE-iPhone5-1-portrait.png in Resources */,
				75B84D7E1B67156900248832 /* en-US-iPhone5-4-portrait.png in Resources */,
				75B84DAD1B67156900248832 /* ru-RU-iPhone5-1-portrait.png in Resources */,
				75B84DBC1B67156900248832 /* tr-TR-iPhone5-1-portrait.png in Resources */,
				75B84D7A1B67156900248832 /* en-US-iPhone5-0-portrait.png in Resources */,
				75B84D771B67156900248832 /* el-GR-iPhone5-2-portrait.png in Resources */,
				75B84D8B1B67156900248832 /* hu-HU-iPhone5-2-portrait.png in Resources */,
				75B84DBB1B67156900248832 /* tr-TR-iPhone5-0-portrait.png in Resources */,
				75B84D751B67156900248832 /* el-GR-iPhone5-0-portrait.png in Resources */,
				75B84DBE1B67156900248832 /* tr-TR-iPhone5-3-portrait.png in Resources */,
				75B84D781B67156900248832 /* el-GR-iPhone5-3-portrait.png in Resources */,
				75B84DA91B67156900248832 /* pl-PL-iPhone5-2-portrait.png in Resources */,
				75B84D8D1B67156900248832 /* hu-HU-iPhone5-4-portrait.png in Resources */,
				75B84D981B67156900248832 /* ko-KR-iPhone5-0-portrait.png in Resources */,
				75B84D6B1B67156900248832 /* da-DK-iPhone5-0-portrait.png in Resources */,
				75B84D871B67156900248832 /* fr-FR-iPhone5-3-portrait.png in Resources */,
				752972781B65E80900BE756D /* LaunchScreen.xib in Resources */,
				75B84DB61B67156900248832 /* sv-SE-iPhone5-0-portrait.png in Resources */,
				75B84D841B67156900248832 /* fr-FR-iPhone5-0-portrait.png in Resources */,
				752972751B65E80900BE756D /* Images.xcassets in Resources */,
				75B84DA21B67156900248832 /* nl-NL-iPhone5-0-portrait.png in Resources */,
				75B84D821B67156900248832 /* es-ES-iPhone5-3-portrait.png in Resources */,
				75B84D761B67156900248832 /* el-GR-iPhone5-1-portrait.png in Resources */,
				75B84DA71B67156900248832 /* pl-PL-iPhone5-0-portrait.png in Resources */,
				75B84DB31B67156900248832 /* sq-AL-iPhone5-2-portrait.png in Resources */,
				75B84DB51B67156900248832 /* sq-AL-iPhone5-4-portrait.png in Resources */,
				75B84DA01B67156900248832 /* nb-NO-iPhone5-3-portrait.png in Resources */,
				75B84DAC1B67156900248832 /* ru-RU-iPhone5-0-portrait.png in Resources */,
				75B84D861B67156900248832 /* fr-FR-iPhone5-2-portrait.png in Resources */,
				75B84D9A1B67156900248832 /* ko-KR-iPhone5-2-portrait.png in Resources */,
				75B84D941B67156900248832 /* ja-JP-iPhone5-1-portrait.png in Resources */,
				75B84D921B67156900248832 /* it-IT-iPhone5-4-portrait.png in Resources */,
				75B84D7C1B67156900248832 /* en-US-iPhone5-2-portrait.png in Resources */,
				75B84DA81B67156900248832 /* pl-PL-iPhone5-1-portrait.png in Resources */,
				75B84D7D1B67156900248832 /* en-US-iPhone5-3-portrait.png in Resources */,
				75B84DBF1B67156900248832 /* tr-TR-iPhone5-4-portrait.png in Resources */,
				75B84DA11B67156900248832 /* nb-NO-iPhone5-4-portrait.png in Resources */,
				75B84D6D1B67156900248832 /* da-DK-iPhone5-2-portrait.png in Resources */,
				75B84D851B67156900248832 /* fr-FR-iPhone5-1-portrait.png in Resources */,
				75B84DB01B67156900248832 /* ru-RU-iPhone5-4-portrait.png in Resources */,
				75B84D971B67156900248832 /* ja-JP-iPhone5-4-portrait.png in Resources */,
				75B84D7B1B67156900248832 /* en-US-iPhone5-1-portrait.png in Resources */,
				75B84D9D1B67156900248832 /* nb-NO-iPhone5-0-portrait.png in Resources */,
				75B84D791B67156900248832 /* el-GR-iPhone5-4-portrait.png in Resources */,
				75B84D6C1B67156900248832 /* da-DK-iPhone5-1-portrait.png in Resources */,
				75B84D831B67156900248832 /* es-ES-iPhone5-4-portrait.png in Resources */,
				75B84DC11B67156900248832 /* zh_CN-iPhone5-1-portrait.png in Resources */,
				75B84DC41B67156900248832 /* zh_CN-iPhone5-4-portrait.png in Resources */,
				75B84DBD1B67156900248832 /* tr-TR-iPhone5-2-portrait.png in Resources */,
				75B84DA51B67156900248832 /* nl-NL-iPhone5-3-portrait.png in Resources */,
				75B84D8F1B67156900248832 /* it-IT-iPhone5-1-portrait.png in Resources */,
				75B84D811B67156900248832 /* es-ES-iPhone5-2-portrait.png in Resources */,
				75B84DB71B67156900248832 /* sv-SE-iPhone5-1-portrait.png in Resources */,
				75B84D8A1B67156900248832 /* hu-HU-iPhone5-1-portrait.png in Resources */,
				75B84DAB1B67156900248832 /* pl-PL-iPhone5-4-portrait.png in Resources */,
				75B84D6F1B67156900248832 /* da-DK-iPhone5-4-portrait.png in Resources */,
				75B84D6E1B67156900248832 /* da-DK-iPhone5-3-portrait.png in Resources */,
				75B84DB41B67156900248832 /* sq-AL-iPhone5-3-portrait.png in Resources */,
				75B84DC31B67156900248832 /* zh_CN-iPhone5-3-portrait.png in Resources */,
				75B84D951B67156900248832 /* ja-JP-iPhone5-2-portrait.png in Resources */,
				75B84DA41B67156900248832 /* nl-NL-iPhone5-2-portrait.png in Resources */,
				75B84DA61B67156900248832 /* nl-NL-iPhone5-4-portrait.png in Resources */,
				75B84DB11B67156900248832 /* sq-AL-iPhone5-0-portrait.png in Resources */,
				75B84D7F1B67156900248832 /* es-ES-iPhone5-0-portrait.png in Resources */,
				75B84D9C1B67156900248832 /* ko-KR-iPhone5-4-portrait.png in Resources */,
				75B84D801B67156900248832 /* es-ES-iPhone5-1-portrait.png in Resources */,
				75B84D931B67156900248832 /* ja-JP-iPhone5-0-portrait.png in Resources */,
				75B84D8C1B67156900248832 /* hu-HU-iPhone5-3-portrait.png in Resources */,
				75B84D9E1B67156900248832 /* nb-NO-iPhone5-1-portrait.png in Resources */,
				75B84D911B67156900248832 /* it-IT-iPhone5-3-portrait.png in Resources */,
			);
			runOnlyForDeploymentPostprocessing = 0;
		};
		7529727B1B65E80A00BE756D /* Resources */ = {
			isa = PBXResourcesBuildPhase;
			buildActionMask = 2147483647;
			files = (
			);
			runOnlyForDeploymentPostprocessing = 0;
		};
/* End PBXResourcesBuildPhase section */

/* Begin PBXSourcesBuildPhase section */
		752972641B65E80900BE756D /* Sources */ = {
			isa = PBXSourcesBuildPhase;
			buildActionMask = 2147483647;
			files = (
				752972701B65E80900BE756D /* ViewController.swift in Sources */,
				7529726E1B65E80900BE756D /* AppDelegate.swift in Sources */,
			);
			runOnlyForDeploymentPostprocessing = 0;
		};
		752972791B65E80A00BE756D /* Sources */ = {
			isa = PBXSourcesBuildPhase;
			buildActionMask = 2147483647;
			files = (
				752972841B65E80A00BE756D /* GrapeShotTests.swift in Sources */,
			);
			runOnlyForDeploymentPostprocessing = 0;
		};
/* End PBXSourcesBuildPhase section */

/* Begin PBXTargetDependency section */
		7529727F1B65E80A00BE756D /* PBXTargetDependency */ = {
			isa = PBXTargetDependency;
			target = 752972671B65E80900BE756D /* GrapeShot */;
			targetProxy = 7529727E1B65E80A00BE756D /* PBXContainerItemProxy */;
		};
/* End PBXTargetDependency section */

/* Begin PBXVariantGroup section */
		752972711B65E80900BE756D /* Main.storyboard */ = {
			isa = PBXVariantGroup;
			children = (
				752972721B65E80900BE756D /* Base */,
			);
			name = Main.storyboard;
			sourceTree = "<group>";
		};
		752972761B65E80900BE756D /* LaunchScreen.xib */ = {
			isa = PBXVariantGroup;
			children = (
				752972771B65E80900BE756D /* Base */,
			);
			name = LaunchScreen.xib;
			sourceTree = "<group>";
		};
		75B84DC71B672EAA00248832 /* Localizable.strings */ = {
			isa = PBXVariantGroup;
			children = (
				75B84DC61B672EAA00248832 /* en */,
				75B84DC81B672EC900248832 /* fr */,
				75B84DC91B672ED200248832 /* zh-Hans */,
				75B84DCA1B672EDB00248832 /* de */,
				75B84DCB1B672EE500248832 /* ja */,
				75B84DCC1B672EEE00248832 /* es */,
				75B84DCD1B672EFB00248832 /* it */,
				75B84DCE1B672F0E00248832 /* nl */,
				75B84DCF1B672F1800248832 /* ko */,
				75B84DD01B672F2300248832 /* da */,
				75B84DD11B672F2F00248832 /* nb */,
				75B84DD21B672F4B00248832 /* sv */,
				75B84DD31B672F5300248832 /* ru */,
				75B84DD41B672F6F00248832 /* pl */,
				75B84DD51B672F8100248832 /* tr */,
				75B84DD61B672F9000248832 /* hu */,
				75B84DD71B672F9D00248832 /* el */,
				75B84DD81B672FD000248832 /* sq */,
			);
			name = Localizable.strings;
			sourceTree = "<group>";
		};
/* End PBXVariantGroup section */

/* Begin XCBuildConfiguration section */
		752972851B65E80A00BE756D /* Debug */ = {
			isa = XCBuildConfiguration;
			buildSettings = {
				ALWAYS_SEARCH_USER_PATHS = NO;
				CLANG_CXX_LANGUAGE_STANDARD = "gnu++0x";
				CLANG_CXX_LIBRARY = "libc++";
				CLANG_ENABLE_MODULES = YES;
				CLANG_ENABLE_OBJC_ARC = YES;
				CLANG_WARN_BOOL_CONVERSION = YES;
				CLANG_WARN_CONSTANT_CONVERSION = YES;
				CLANG_WARN_DIRECT_OBJC_ISA_USAGE = YES_ERROR;
				CLANG_WARN_EMPTY_BODY = YES;
				CLANG_WARN_ENUM_CONVERSION = YES;
				CLANG_WARN_INT_CONVERSION = YES;
				CLANG_WARN_OBJC_ROOT_CLASS = YES_ERROR;
				CLANG_WARN_UNREACHABLE_CODE = YES;
				CLANG_WARN__DUPLICATE_METHOD_MATCH = YES;
				"CODE_SIGN_IDENTITY[sdk=iphoneos*]" = "iPhone Developer";
				COPY_PHASE_STRIP = NO;
				DEBUG_INFORMATION_FORMAT = "dwarf-with-dsym";
				ENABLE_STRICT_OBJC_MSGSEND = YES;
				GCC_C_LANGUAGE_STANDARD = gnu99;
				GCC_DYNAMIC_NO_PIC = NO;
				GCC_NO_COMMON_BLOCKS = YES;
				GCC_OPTIMIZATION_LEVEL = 0;
				GCC_PREPROCESSOR_DEFINITIONS = (
					"DEBUG=1",
					"$(inherited)",
				);
				GCC_SYMBOLS_PRIVATE_EXTERN = NO;
				GCC_WARN_64_TO_32_BIT_CONVERSION = YES;
				GCC_WARN_ABOUT_RETURN_TYPE = YES_ERROR;
				GCC_WARN_UNDECLARED_SELECTOR = YES;
				GCC_WARN_UNINITIALIZED_AUTOS = YES_AGGRESSIVE;
				GCC_WARN_UNUSED_FUNCTION = YES;
				GCC_WARN_UNUSED_VARIABLE = YES;
				IPHONEOS_DEPLOYMENT_TARGET = 8.4;
				MTL_ENABLE_DEBUG_INFO = YES;
				ONLY_ACTIVE_ARCH = YES;
				SDKROOT = iphoneos;
				SWIFT_OPTIMIZATION_LEVEL = "-Onone";
			};
			name = Debug;
		};
		752972861B65E80A00BE756D /* Release */ = {
			isa = XCBuildConfiguration;
			buildSettings = {
				ALWAYS_SEARCH_USER_PATHS = NO;
				CLANG_CXX_LANGUAGE_STANDARD = "gnu++0x";
				CLANG_CXX_LIBRARY = "libc++";
				CLANG_ENABLE_MODULES = YES;
				CLANG_ENABLE_OBJC_ARC = YES;
				CLANG_WARN_BOOL_CONVERSION = YES;
				CLANG_WARN_CONSTANT_CONVERSION = YES;
				CLANG_WARN_DIRECT_OBJC_ISA_USAGE = YES_ERROR;
				CLANG_WARN_EMPTY_BODY = YES;
				CLANG_WARN_ENUM_CONVERSION = YES;
				CLANG_WARN_INT_CONVERSION = YES;
				CLANG_WARN_OBJC_ROOT_CLASS = YES_ERROR;
				CLANG_WARN_UNREACHABLE_CODE = YES;
				CLANG_WARN__DUPLICATE_METHOD_MATCH = YES;
				"CODE_SIGN_IDENTITY[sdk=iphoneos*]" = "iPhone Developer";
				COPY_PHASE_STRIP = NO;
				DEBUG_INFORMATION_FORMAT = "dwarf-with-dsym";
				ENABLE_NS_ASSERTIONS = NO;
				ENABLE_STRICT_OBJC_MSGSEND = YES;
				GCC_C_LANGUAGE_STANDARD = gnu99;
				GCC_NO_COMMON_BLOCKS = YES;
				GCC_WARN_64_TO_32_BIT_CONVERSION = YES;
				GCC_WARN_ABOUT_RETURN_TYPE = YES_ERROR;
				GCC_WARN_UNDECLARED_SELECTOR = YES;
				GCC_WARN_UNINITIALIZED_AUTOS = YES_AGGRESSIVE;
				GCC_WARN_UNUSED_FUNCTION = YES;
				GCC_WARN_UNUSED_VARIABLE = YES;
				IPHONEOS_DEPLOYMENT_TARGET = 8.4;
				MTL_ENABLE_DEBUG_INFO = NO;
				SDKROOT = iphoneos;
				VALIDATE_PRODUCT = YES;
			};
			name = Release;
		};
		752972881B65E80A00BE756D /* Debug */ = {
			isa = XCBuildConfiguration;
			buildSettings = {
				ASSETCATALOG_COMPILER_APPICON_NAME = AppIcon;
				INFOPLIST_FILE = GrapeShot/Info.plist;
				LD_RUNPATH_SEARCH_PATHS = "$(inherited) @executable_path/Frameworks";
				PRODUCT_NAME = "$(TARGET_NAME)";
			};
			name = Debug;
		};
		752972891B65E80A00BE756D /* Release */ = {
			isa = XCBuildConfiguration;
			buildSettings = {
				ASSETCATALOG_COMPILER_APPICON_NAME = AppIcon;
				INFOPLIST_FILE = GrapeShot/Info.plist;
				LD_RUNPATH_SEARCH_PATHS = "$(inherited) @executable_path/Frameworks";
				PRODUCT_NAME = "$(TARGET_NAME)";
			};
			name = Release;
		};
		7529728B1B65E80A00BE756D /* Debug */ = {
			isa = XCBuildConfiguration;
			buildSettings = {
				BUNDLE_LOADER = "$(TEST_HOST)";
				FRAMEWORK_SEARCH_PATHS = (
					"$(SDKROOT)/Developer/Library/Frameworks",
					"$(inherited)",
				);
				GCC_PREPROCESSOR_DEFINITIONS = (
					"DEBUG=1",
					"$(inherited)",
				);
				INFOPLIST_FILE = GrapeShotTests/Info.plist;
				LD_RUNPATH_SEARCH_PATHS = "$(inherited) @executable_path/Frameworks @loader_path/Frameworks";
				PRODUCT_NAME = "$(TARGET_NAME)";
				TEST_HOST = "$(BUILT_PRODUCTS_DIR)/GrapeShot.app/GrapeShot";
			};
			name = Debug;
		};
		7529728C1B65E80A00BE756D /* Release */ = {
			isa = XCBuildConfiguration;
			buildSettings = {
				BUNDLE_LOADER = "$(TEST_HOST)";
				FRAMEWORK_SEARCH_PATHS = (
					"$(SDKROOT)/Developer/Library/Frameworks",
					"$(inherited)",
				);
				INFOPLIST_FILE = GrapeShotTests/Info.plist;
				LD_RUNPATH_SEARCH_PATHS = "$(inherited) @executable_path/Frameworks @loader_path/Frameworks";
				PRODUCT_NAME = "$(TARGET_NAME)";
				TEST_HOST = "$(BUILT_PRODUCTS_DIR)/GrapeShot.app/GrapeShot";
			};
			name = Release;
		};
/* End XCBuildConfiguration section */

/* Begin XCConfigurationList section */
		752972631B65E80900BE756D /* Build configuration list for PBXProject "GrapeShot" */ = {
			isa = XCConfigurationList;
			buildConfigurations = (
				752972851B65E80A00BE756D /* Debug */,
				752972861B65E80A00BE756D /* Release */,
			);
			defaultConfigurationIsVisible = 0;
			defaultConfigurationName = Release;
		};
		752972871B65E80A00BE756D /* Build configuration list for PBXNativeTarget "GrapeShot" */ = {
			isa = XCConfigurationList;
			buildConfigurations = (
				752972881B65E80A00BE756D /* Debug */,
				752972891B65E80A00BE756D /* Release */,
			);
			defaultConfigurationIsVisible = 0;
			defaultConfigurationName = Release;
		};
		7529728A1B65E80A00BE756D /* Build configuration list for PBXNativeTarget "GrapeShotTests" */ = {
			isa = XCConfigurationList;
			buildConfigurations = (
				7529728B1B65E80A00BE756D /* Debug */,
				7529728C1B65E80A00BE756D /* Release */,
			);
			defaultConfigurationIsVisible = 0;
			defaultConfigurationName = Release;
		};
/* End XCConfigurationList section */
	};
	rootObject = 752972601B65E80900BE756D /* Project object */;
}
